// !$*UTF8*$!
{
	archiveVersion = 1;
	classes = {
	};
	objectVersion = 51;
	objects = {

/* Begin PBXBuildFile section */
		03B9D2892393025800F89B54 /* PTableViewController.swift in Sources */ = {isa = PBXBuildFile; fileRef = 03B9D2882393025800F89B54 /* PTableViewController.swift */; };
		348982F22368F6D200C623F2 /* AppDelegate.swift in Sources */ = {isa = PBXBuildFile; fileRef = 348982F12368F6D200C623F2 /* AppDelegate.swift */; };
		348982F92368F6D400C623F2 /* Assets.xcassets in Resources */ = {isa = PBXBuildFile; fileRef = 348982F82368F6D400C623F2 /* Assets.xcassets */; };
		348982FC2368F6D400C623F2 /* LaunchScreen.storyboard in Resources */ = {isa = PBXBuildFile; fileRef = 348982FA2368F6D400C623F2 /* LaunchScreen.storyboard */; };
		348983072368F6D400C623F2 /* _75_testTests.swift in Sources */ = {isa = PBXBuildFile; fileRef = 348983062368F6D400C623F2 /* _75_testTests.swift */; };
		348983122368F6D400C623F2 /* _75_testUITests.swift in Sources */ = {isa = PBXBuildFile; fileRef = 348983112368F6D400C623F2 /* _75_testUITests.swift */; };
		34BB20AF236BB846001379EE /* Main.storyboard in Resources */ = {isa = PBXBuildFile; fileRef = 34BB20AE236BB846001379EE /* Main.storyboard */; };
		34BB20B3236BBAD3001379EE /* unnamed.jpg in Resources */ = {isa = PBXBuildFile; fileRef = 34BB20B2236BBAD3001379EE /* unnamed.jpg */; };
		34BB20B7236BC714001379EE /* UserSelectViewController.swift in Sources */ = {isa = PBXBuildFile; fileRef = 34BB20B6236BC714001379EE /* UserSelectViewController.swift */; };
		4C0475B123931ECF003FD779 /* medicationschdule.storyboard in Resources */ = {isa = PBXBuildFile; fileRef = 4C0475B023931ECF003FD779 /* medicationschdule.storyboard */; };
		4C0475B323931F48003FD779 /* MedicationScheduleViewController.swift in Sources */ = {isa = PBXBuildFile; fileRef = 4C0475B223931F48003FD779 /* MedicationScheduleViewController.swift */; };
		4C0475B5239336E6003FD779 /* ThursdayViewController.swift in Sources */ = {isa = PBXBuildFile; fileRef = 4C0475B4239336E6003FD779 /* ThursdayViewController.swift */; };
		4C0475B7239336FD003FD779 /* FridayViewController.swift in Sources */ = {isa = PBXBuildFile; fileRef = 4C0475B6239336FD003FD779 /* FridayViewController.swift */; };
		4C0475B923933712003FD779 /* SaturdayViewController.swift in Sources */ = {isa = PBXBuildFile; fileRef = 4C0475B823933712003FD779 /* SaturdayViewController.swift */; };
		4C0475BB23933722003FD779 /* SundayViewController.swift in Sources */ = {isa = PBXBuildFile; fileRef = 4C0475BA23933722003FD779 /* SundayViewController.swift */; };
		4C0475BD23934264003FD779 /* MondayViewController.swift in Sources */ = {isa = PBXBuildFile; fileRef = 4C0475BC23934264003FD779 /* MondayViewController.swift */; };
		4C20C27A2380F62900211694 /* ChartViewController.swift in Sources */ = {isa = PBXBuildFile; fileRef = 4C20C2792380F62900211694 /* ChartViewController.swift */; };
		4C5032622391EB6600CC1DF0 /* MichaelsFile.swift in Sources */ = {isa = PBXBuildFile; fileRef = 4C5032612391EB6600CC1DF0 /* MichaelsFile.swift */; };
		4C5032642391EB7D00CC1DF0 /* tuesdayViewController.swift in Sources */ = {isa = PBXBuildFile; fileRef = 4C5032632391EB7D00CC1DF0 /* tuesdayViewController.swift */; };
		4C5032662391F18300CC1DF0 /* WednesdayViewController.swift in Sources */ = {isa = PBXBuildFile; fileRef = 4C5032652391F18300CC1DF0 /* WednesdayViewController.swift */; };
		4C8BCBCA2380F25300A3D285 /* EX.swift in Sources */ = {isa = PBXBuildFile; fileRef = 4C8BCBC92380F25300A3D285 /* EX.swift */; };
		4C9438EE23938C9E00713C42 /* profileViewController.swift in Sources */ = {isa = PBXBuildFile; fileRef = 4C9438ED23938C9D00713C42 /* profileViewController.swift */; };
		4CA0AB0A2393590A00BA3D91 /* addEventViewController.swift in Sources */ = {isa = PBXBuildFile; fileRef = 4CA0AB092393590A00BA3D91 /* addEventViewController.swift */; };
		4CA0AB0C239361A200BA3D91 /* MedicationMainViewController.swift in Sources */ = {isa = PBXBuildFile; fileRef = 4CA0AB0B239361A200BA3D91 /* MedicationMainViewController.swift */; };
		4CA0AB1023936CED00BA3D91 /* deleteEventViewController.swift in Sources */ = {isa = PBXBuildFile; fileRef = 4CA0AB0F23936CED00BA3D91 /* deleteEventViewController.swift */; };
		4CB3A5E423824272002824C8 /* back2.jpg in Resources */ = {isa = PBXBuildFile; fileRef = 4CB3A5DB23824271002824C8 /* back2.jpg */; };
		4CB3A5E523824272002824C8 /* neck2.jpg in Resources */ = {isa = PBXBuildFile; fileRef = 4CB3A5DC23824271002824C8 /* neck2.jpg */; };
		4CB3A5E623824272002824C8 /* hand2.jpg in Resources */ = {isa = PBXBuildFile; fileRef = 4CB3A5DD23824271002824C8 /* hand2.jpg */; };
		4CB3A5E723824272002824C8 /* font2.jpg in Resources */ = {isa = PBXBuildFile; fileRef = 4CB3A5DE23824271002824C8 /* font2.jpg */; };
		4CB3A5E823824272002824C8 /* arm2.jpg in Resources */ = {isa = PBXBuildFile; fileRef = 4CB3A5DF23824271002824C8 /* arm2.jpg */; };
		4CB3A5E923824272002824C8 /* chest2.jpg in Resources */ = {isa = PBXBuildFile; fileRef = 4CB3A5E023824271002824C8 /* chest2.jpg */; };
		4CB3A5EA23824272002824C8 /* shoulder2.jpg in Resources */ = {isa = PBXBuildFile; fileRef = 4CB3A5E123824271002824C8 /* shoulder2.jpg */; };
		4CB3A5EB23824272002824C8 /* face2.jpg in Resources */ = {isa = PBXBuildFile; fileRef = 4CB3A5E223824271002824C8 /* face2.jpg */; };
		4CB3A5EC23824272002824C8 /* calf2.jpg in Resources */ = {isa = PBXBuildFile; fileRef = 4CB3A5E323824272002824C8 /* calf2.jpg */; };
		4CB3A5EE23824448002824C8 /* faceViewController.swift in Sources */ = {isa = PBXBuildFile; fileRef = 4CB3A5ED23824448002824C8 /* faceViewController.swift */; };
		4CB3A5F02382445A002824C8 /* neckViewController.swift in Sources */ = {isa = PBXBuildFile; fileRef = 4CB3A5EF2382445A002824C8 /* neckViewController.swift */; };
		4CB3A5F2238248F2002824C8 /* armsViewController.swift in Sources */ = {isa = PBXBuildFile; fileRef = 4CB3A5F1238248F2002824C8 /* armsViewController.swift */; };
		4CB3A5F423824903002824C8 /* handViewController.swift in Sources */ = {isa = PBXBuildFile; fileRef = 4CB3A5F323824903002824C8 /* handViewController.swift */; };
		4CB3A5F623824B45002824C8 /* calfViewController.swift in Sources */ = {isa = PBXBuildFile; fileRef = 4CB3A5F523824B45002824C8 /* calfViewController.swift */; };
		4CB3A5FA23824FC4002824C8 /* newfootViewController.swift in Sources */ = {isa = PBXBuildFile; fileRef = 4CB3A5F923824FC4002824C8 /* newfootViewController.swift */; };
		4CE8B374238220B7007D7D77 /* ChestViewController.swift in Sources */ = {isa = PBXBuildFile; fileRef = 4CE8B373238220B7007D7D77 /* ChestViewController.swift */; };
		4CE8B376238228DD007D7D77 /* backViewController.swift in Sources */ = {isa = PBXBuildFile; fileRef = 4CE8B375238228DD007D7D77 /* backViewController.swift */; };
		4CE8B378238228F2007D7D77 /* shoudlerViewController.swift in Sources */ = {isa = PBXBuildFile; fileRef = 4CE8B377238228F2007D7D77 /* shoudlerViewController.swift */; };
		4CE8B37C23823182007D7D77 /* DataEntry.swift in Sources */ = {isa = PBXBuildFile; fileRef = 4CE8B37B23823182007D7D77 /* DataEntry.swift */; };
		4CE8B37E238231AD007D7D77 /* CustomSegments.swift in Sources */ = {isa = PBXBuildFile; fileRef = 4CE8B37D238231AD007D7D77 /* CustomSegments.swift */; };
		4CE8B380238231E1007D7D77 /* CALayerExtension.swift in Sources */ = {isa = PBXBuildFile; fileRef = 4CE8B37F238231E1007D7D77 /* CALayerExtension.swift */; };
		4CE8B382238231FE007D7D77 /* ArrayExtension.swift in Sources */ = {isa = PBXBuildFile; fileRef = 4CE8B381238231FE007D7D77 /* ArrayExtension.swift */; };
		4CE8B38423823210007D7D77 /* BasicBarChart.swift in Sources */ = {isa = PBXBuildFile; fileRef = 4CE8B38323823210007D7D77 /* BasicBarChart.swift */; };
		4CE8B38623823229007D7D77 /* BasicBarChartPresenter.swift in Sources */ = {isa = PBXBuildFile; fileRef = 4CE8B38523823229007D7D77 /* BasicBarChartPresenter.swift */; };
		4CE8B38823823236007D7D77 /* BasicBarEntry.swift in Sources */ = {isa = PBXBuildFile; fileRef = 4CE8B38723823236007D7D77 /* BasicBarEntry.swift */; };
		4CE8B38A2382331B007D7D77 /* UIBezierPathExtension.swift in Sources */ = {isa = PBXBuildFile; fileRef = 4CE8B3892382331B007D7D77 /* UIBezierPathExtension.swift */; };
		540A7D31D058CB292B1FD907 /* Pods_275_testUITests.framework in Frameworks */ = {isa = PBXBuildFile; fileRef = 869DE1CB743AF7E1B501B67C /* Pods_275_testUITests.framework */; };
		708AE7F289555A4AA6BA2D04 /* Pods_275_test.framework in Frameworks */ = {isa = PBXBuildFile; fileRef = 87625B67460843F85C90F8ED /* Pods_275_test.framework */; };
		990530952370DCC70068FA22 /* MenuController.swift in Sources */ = {isa = PBXBuildFile; fileRef = 990530922370DCC60068FA22 /* MenuController.swift */; };
		990530962370DCC70068FA22 /* HomeController.swift in Sources */ = {isa = PBXBuildFile; fileRef = 990530932370DCC70068FA22 /* HomeController.swift */; };
		990530992370DCD00068FA22 /* MenuOption.swift in Sources */ = {isa = PBXBuildFile; fileRef = 990530982370DCD00068FA22 /* MenuOption.swift */; };
		9905309B2370DCD70068FA22 /* Protocols.swift in Sources */ = {isa = PBXBuildFile; fileRef = 9905309A2370DCD70068FA22 /* Protocols.swift */; };
		9905309D2370DCDA0068FA22 /* MenuOptionCell.swift in Sources */ = {isa = PBXBuildFile; fileRef = 9905309C2370DCDA0068FA22 /* MenuOptionCell.swift */; };
		992EF49C237B88F5007A5573 /* PillScheduleViewController.swift in Sources */ = {isa = PBXBuildFile; fileRef = 992EF497237B88F5007A5573 /* PillScheduleViewController.swift */; };
		992EF49D237B88F5007A5573 /* MainViewController.swift in Sources */ = {isa = PBXBuildFile; fileRef = 992EF498237B88F5007A5573 /* MainViewController.swift */; };
		992EF49E237B88F5007A5573 /* SlideInTransition.swift in Sources */ = {isa = PBXBuildFile; fileRef = 992EF499237B88F5007A5573 /* SlideInTransition.swift */; };
		992EF49F237B88F5007A5573 /* MenuViewController.swift in Sources */ = {isa = PBXBuildFile; fileRef = 992EF49A237B88F5007A5573 /* MenuViewController.swift */; };
		992EF4A0237B88F5007A5573 /* Menu.storyboard in Resources */ = {isa = PBXBuildFile; fileRef = 992EF49B237B88F5007A5573 /* Menu.storyboard */; };
		993139D1236BBF24008802A9 /* GoogleService-Info.plist in Resources */ = {isa = PBXBuildFile; fileRef = 993139D0236BBF24008802A9 /* GoogleService-Info.plist */; };
		99367AAC2391FFA500D9A91F /* profileViewController.swift in Sources */ = {isa = PBXBuildFile; fileRef = 99367AAB2391FFA500D9A91F /* profileViewController.swift */; };
		9939D4F823750A3D00F1FB1F /* TremorViewController.swift in Sources */ = {isa = PBXBuildFile; fileRef = 9939D4F723750A3D00F1FB1F /* TremorViewController.swift */; };
		9939D4FD23750CE600F1FB1F /* Tremor.storyboard in Resources */ = {isa = PBXBuildFile; fileRef = 9939D4FC23750CE600F1FB1F /* Tremor.storyboard */; };
		9939D5012376671E00F1FB1F /* fft.swift in Sources */ = {isa = PBXBuildFile; fileRef = 9939D4FF2376671E00F1FB1F /* fft.swift */; };
		99767345236FC49900C544C5 /* 275_test.xcworkspace in Resources */ = {isa = PBXBuildFile; fileRef = 99767344236FC49900C544C5 /* 275_test.xcworkspace */; };
		997CAD5323835D1E008A96F4 /* GoogleService-Info.plist in Resources */ = {isa = PBXBuildFile; fileRef = 997CAD5223835D1D008A96F4 /* GoogleService-Info.plist */; };
		99D19941237B8ADC00C5F2EC /* Exercise.storyboard in Resources */ = {isa = PBXBuildFile; fileRef = 99D1993F237B8ADB00C5F2EC /* Exercise.storyboard */; };
		99D19942237B8ADC00C5F2EC /* ExerciseViewController.swift in Sources */ = {isa = PBXBuildFile; fileRef = 99D19940237B8ADB00C5F2EC /* ExerciseViewController.swift */; };
		99D5E12223767930004DFE71 /* TremorOverViewController.swift in Sources */ = {isa = PBXBuildFile; fileRef = 99D5E12123767930004DFE71 /* TremorOverViewController.swift */; };
		99D968192388CD4700D793F2 /* Common.swift in Sources */ = {isa = PBXBuildFile; fileRef = 99D968182388CD4700D793F2 /* Common.swift */; };
		A4124C6E237F5D0A00D1CEDA /* TremorManager.swift in Sources */ = {isa = PBXBuildFile; fileRef = A4124C6D237F5D0A00D1CEDA /* TremorManager.swift */; };
		A436108D237F5EA400F12714 /* LoginViewController.swift in Sources */ = {isa = PBXBuildFile; fileRef = A436108C237F5EA400F12714 /* LoginViewController.swift */; };
		A4361091237F878000F12714 /* tremors.jpg in Resources */ = {isa = PBXBuildFile; fileRef = A4361090237F878000F12714 /* tremors.jpg */; };
		A4361093237F901600F12714 /* reccommended.jpg in Resources */ = {isa = PBXBuildFile; fileRef = A4361092237F901600F12714 /* reccommended.jpg */; };
		A441A9F3238A659D0061828A /* WeeklySurveyViewController.swift in Sources */ = {isa = PBXBuildFile; fileRef = A441A9F2238A659D0061828A /* WeeklySurveyViewController.swift */; };
		A44FCA94237E01D0000D4B8E /* surveybackground.jpeg in Resources */ = {isa = PBXBuildFile; fileRef = A44FCA93237E01D0000D4B8E /* surveybackground.jpeg */; };
		A44FCA96237E079A000D4B8E /* dumbbell.png in Resources */ = {isa = PBXBuildFile; fileRef = A44FCA95237E079A000D4B8E /* dumbbell.png */; };
		A44FCA98237E19D7000D4B8E /* Recommend.storyboard in Resources */ = {isa = PBXBuildFile; fileRef = A44FCA97237E19D7000D4B8E /* Recommend.storyboard */; };
		A44FCA9A237E1A88000D4B8E /* RecommendViewController.swift in Sources */ = {isa = PBXBuildFile; fileRef = A44FCA99237E1A88000D4B8E /* RecommendViewController.swift */; };
		A44FCA9E237E22A8000D4B8E /* Variables.swift in Sources */ = {isa = PBXBuildFile; fileRef = A44FCA9D237E22A8000D4B8E /* Variables.swift */; };
		A45290C5237E37D5003F8D06 /* DoctorViewController.swift in Sources */ = {isa = PBXBuildFile; fileRef = A45290C4237E37D5003F8D06 /* DoctorViewController.swift */; };
		A48E4EEA23701EE1008B4F96 /* background.jpg in Resources */ = {isa = PBXBuildFile; fileRef = A48E4EE923701EE1008B4F96 /* background.jpg */; };
		A48E4EEC237024B4008B4F96 /* frame.jpg in Resources */ = {isa = PBXBuildFile; fileRef = A48E4EEB237024B4008B4F96 /* frame.jpg */; };
		A48E4EEE23702B3B008B4F96 /* white.jpg in Resources */ = {isa = PBXBuildFile; fileRef = A48E4EED23702B3B008B4F96 /* white.jpg */; };
		A4951A8F238DED300062817D /* PatientDetails1ViewController.swift in Sources */ = {isa = PBXBuildFile; fileRef = A4951A8E238DED300062817D /* PatientDetails1ViewController.swift */; };
		A4C1065D237E3C0E006ACF47 /* doctorbackground.png in Resources */ = {isa = PBXBuildFile; fileRef = A4C1065C237E3C0E006ACF47 /* doctorbackground.png */; };
		A4C1065F237E444C006ACF47 /* DocProfileViewController.swift in Sources */ = {isa = PBXBuildFile; fileRef = A4C1065E237E444C006ACF47 /* DocProfileViewController.swift */; };
		A4C10661237E4573006ACF47 /* DocPatientListViewController.swift in Sources */ = {isa = PBXBuildFile; fileRef = A4C10660237E4573006ACF47 /* DocPatientListViewController.swift */; };
		A4CCDC02238A77F500164D0E /* WeeklySurvey.storyboard in Resources */ = {isa = PBXBuildFile; fileRef = A4CCDC01238A77F500164D0E /* WeeklySurvey.storyboard */; };
		A4CCDC04238A872100164D0E /* UpperBodyViewController.swift in Sources */ = {isa = PBXBuildFile; fileRef = A4CCDC03238A872100164D0E /* UpperBodyViewController.swift */; };
		A4CCDC06238A8C7100164D0E /* HeadViewController.swift in Sources */ = {isa = PBXBuildFile; fileRef = A4CCDC05238A8C7100164D0E /* HeadViewController.swift */; };
		A4CCDC08238A8C8200164D0E /* LowerBodyViewController.swift in Sources */ = {isa = PBXBuildFile; fileRef = A4CCDC07238A8C8200164D0E /* LowerBodyViewController.swift */; };
		A4CCDC0A238A8CDA00164D0E /* HandAndArmViewController.swift in Sources */ = {isa = PBXBuildFile; fileRef = A4CCDC09238A8CDA00164D0E /* HandAndArmViewController.swift */; };
		A4DF0F79237FB86E006BCAB2 /* FocusAreaViewController.swift in Sources */ = {isa = PBXBuildFile; fileRef = A4DF0F78237FB86E006BCAB2 /* FocusAreaViewController.swift */; };
		A4E00E962370CDEE0070E1A4 /* Survey.storyboard in Resources */ = {isa = PBXBuildFile; fileRef = A4E00E952370CDEE0070E1A4 /* Survey.storyboard */; };
		A4E00E982370CEB20070E1A4 /* SurveyViewController.swift in Sources */ = {isa = PBXBuildFile; fileRef = A4E00E972370CEB20070E1A4 /* SurveyViewController.swift */; };
		DD872CC5A561966DE851E4FB /* Pods_275_testTests.framework in Frameworks */ = {isa = PBXBuildFile; fileRef = 0509952793B4513A2FDDE658 /* Pods_275_testTests.framework */; };
/* End PBXBuildFile section */

/* Begin PBXContainerItemProxy section */
		348983032368F6D400C623F2 /* PBXContainerItemProxy */ = {
			isa = PBXContainerItemProxy;
			containerPortal = 348982E62368F6D200C623F2 /* Project object */;
			proxyType = 1;
			remoteGlobalIDString = 348982ED2368F6D200C623F2;
			remoteInfo = 275_test;
		};
		3489830E2368F6D400C623F2 /* PBXContainerItemProxy */ = {
			isa = PBXContainerItemProxy;
			containerPortal = 348982E62368F6D200C623F2 /* Project object */;
			proxyType = 1;
			remoteGlobalIDString = 348982ED2368F6D200C623F2;
			remoteInfo = 275_test;
		};
/* End PBXContainerItemProxy section */

/* Begin PBXFileReference section */
		03B9D2882393025800F89B54 /* PTableViewController.swift */ = {isa = PBXFileReference; lastKnownFileType = sourcecode.swift; path = PTableViewController.swift; sourceTree = "<group>"; };
		0509952793B4513A2FDDE658 /* Pods_275_testTests.framework */ = {isa = PBXFileReference; explicitFileType = wrapper.framework; includeInIndex = 0; path = Pods_275_testTests.framework; sourceTree = BUILT_PRODUCTS_DIR; };
		1CC2B48285A2C8A574E103E3 /* Pods-275_testUITests.release.xcconfig */ = {isa = PBXFileReference; includeInIndex = 1; lastKnownFileType = text.xcconfig; name = "Pods-275_testUITests.release.xcconfig"; path = "Target Support Files/Pods-275_testUITests/Pods-275_testUITests.release.xcconfig"; sourceTree = "<group>"; };
		348982EE2368F6D200C623F2 /* 275_test.app */ = {isa = PBXFileReference; explicitFileType = wrapper.application; includeInIndex = 0; path = 275_test.app; sourceTree = BUILT_PRODUCTS_DIR; };
		348982F12368F6D200C623F2 /* AppDelegate.swift */ = {isa = PBXFileReference; lastKnownFileType = sourcecode.swift; path = AppDelegate.swift; sourceTree = "<group>"; };
		348982F82368F6D400C623F2 /* Assets.xcassets */ = {isa = PBXFileReference; lastKnownFileType = folder.assetcatalog; path = Assets.xcassets; sourceTree = "<group>"; };
		348982FB2368F6D400C623F2 /* Base */ = {isa = PBXFileReference; lastKnownFileType = file.storyboard; name = Base; path = Base.lproj/LaunchScreen.storyboard; sourceTree = "<group>"; };
		348982FD2368F6D400C623F2 /* Info.plist */ = {isa = PBXFileReference; lastKnownFileType = text.plist.xml; path = Info.plist; sourceTree = "<group>"; };
		348983022368F6D400C623F2 /* 275_testTests.xctest */ = {isa = PBXFileReference; explicitFileType = wrapper.cfbundle; includeInIndex = 0; path = 275_testTests.xctest; sourceTree = BUILT_PRODUCTS_DIR; };
		348983062368F6D400C623F2 /* _75_testTests.swift */ = {isa = PBXFileReference; lastKnownFileType = sourcecode.swift; path = _75_testTests.swift; sourceTree = "<group>"; };
		348983082368F6D400C623F2 /* Info.plist */ = {isa = PBXFileReference; lastKnownFileType = text.plist.xml; path = Info.plist; sourceTree = "<group>"; };
		3489830D2368F6D400C623F2 /* 275_testUITests.xctest */ = {isa = PBXFileReference; explicitFileType = wrapper.cfbundle; includeInIndex = 0; path = 275_testUITests.xctest; sourceTree = BUILT_PRODUCTS_DIR; };
		348983112368F6D400C623F2 /* _75_testUITests.swift */ = {isa = PBXFileReference; lastKnownFileType = sourcecode.swift; path = _75_testUITests.swift; sourceTree = "<group>"; };
		348983132368F6D400C623F2 /* Info.plist */ = {isa = PBXFileReference; lastKnownFileType = text.plist.xml; path = Info.plist; sourceTree = "<group>"; };
		34BB20AE236BB846001379EE /* Main.storyboard */ = {isa = PBXFileReference; lastKnownFileType = file.storyboard; name = Main.storyboard; path = Base.lproj/Main.storyboard; sourceTree = "<group>"; };
		34BB20B2236BBAD3001379EE /* unnamed.jpg */ = {isa = PBXFileReference; lastKnownFileType = image.jpeg; path = unnamed.jpg; sourceTree = "<group>"; };
		34BB20B6236BC714001379EE /* UserSelectViewController.swift */ = {isa = PBXFileReference; lastKnownFileType = sourcecode.swift; path = UserSelectViewController.swift; sourceTree = "<group>"; };
		4C0475B023931ECF003FD779 /* medicationschdule.storyboard */ = {isa = PBXFileReference; lastKnownFileType = file.storyboard; path = medicationschdule.storyboard; sourceTree = "<group>"; };
		4C0475B223931F48003FD779 /* MedicationScheduleViewController.swift */ = {isa = PBXFileReference; lastKnownFileType = sourcecode.swift; path = MedicationScheduleViewController.swift; sourceTree = "<group>"; };
		4C0475B4239336E6003FD779 /* ThursdayViewController.swift */ = {isa = PBXFileReference; lastKnownFileType = sourcecode.swift; path = ThursdayViewController.swift; sourceTree = "<group>"; };
		4C0475B6239336FD003FD779 /* FridayViewController.swift */ = {isa = PBXFileReference; lastKnownFileType = sourcecode.swift; path = FridayViewController.swift; sourceTree = "<group>"; };
		4C0475B823933712003FD779 /* SaturdayViewController.swift */ = {isa = PBXFileReference; lastKnownFileType = sourcecode.swift; path = SaturdayViewController.swift; sourceTree = "<group>"; };
		4C0475BA23933722003FD779 /* SundayViewController.swift */ = {isa = PBXFileReference; lastKnownFileType = sourcecode.swift; path = SundayViewController.swift; sourceTree = "<group>"; };
		4C0475BC23934264003FD779 /* MondayViewController.swift */ = {isa = PBXFileReference; lastKnownFileType = sourcecode.swift; path = MondayViewController.swift; sourceTree = "<group>"; };
		4C20C2792380F62900211694 /* ChartViewController.swift */ = {isa = PBXFileReference; lastKnownFileType = sourcecode.swift; path = ChartViewController.swift; sourceTree = "<group>"; };
		4C5032612391EB6600CC1DF0 /* MichaelsFile.swift */ = {isa = PBXFileReference; lastKnownFileType = sourcecode.swift; path = MichaelsFile.swift; sourceTree = "<group>"; };
		4C5032632391EB7D00CC1DF0 /* tuesdayViewController.swift */ = {isa = PBXFileReference; lastKnownFileType = sourcecode.swift; path = tuesdayViewController.swift; sourceTree = "<group>"; };
		4C5032652391F18300CC1DF0 /* WednesdayViewController.swift */ = {isa = PBXFileReference; lastKnownFileType = sourcecode.swift; path = WednesdayViewController.swift; sourceTree = "<group>"; };
		4C8BCBC92380F25300A3D285 /* EX.swift */ = {isa = PBXFileReference; lastKnownFileType = sourcecode.swift; path = EX.swift; sourceTree = "<group>"; };
		4C9438ED23938C9D00713C42 /* profileViewController.swift */ = {isa = PBXFileReference; fileEncoding = 4; lastKnownFileType = sourcecode.swift; path = profileViewController.swift; sourceTree = "<group>"; };
		4CA0AB092393590A00BA3D91 /* addEventViewController.swift */ = {isa = PBXFileReference; lastKnownFileType = sourcecode.swift; path = addEventViewController.swift; sourceTree = "<group>"; };
		4CA0AB0B239361A200BA3D91 /* MedicationMainViewController.swift */ = {isa = PBXFileReference; lastKnownFileType = sourcecode.swift; path = MedicationMainViewController.swift; sourceTree = "<group>"; };
		4CA0AB0F23936CED00BA3D91 /* deleteEventViewController.swift */ = {isa = PBXFileReference; lastKnownFileType = sourcecode.swift; path = deleteEventViewController.swift; sourceTree = "<group>"; };
		4CB3A5DB23824271002824C8 /* back2.jpg */ = {isa = PBXFileReference; lastKnownFileType = image.jpeg; path = back2.jpg; sourceTree = "<group>"; };
		4CB3A5DC23824271002824C8 /* neck2.jpg */ = {isa = PBXFileReference; lastKnownFileType = image.jpeg; path = neck2.jpg; sourceTree = "<group>"; };
		4CB3A5DD23824271002824C8 /* hand2.jpg */ = {isa = PBXFileReference; lastKnownFileType = image.jpeg; path = hand2.jpg; sourceTree = "<group>"; };
		4CB3A5DE23824271002824C8 /* font2.jpg */ = {isa = PBXFileReference; lastKnownFileType = image.jpeg; path = font2.jpg; sourceTree = "<group>"; };
		4CB3A5DF23824271002824C8 /* arm2.jpg */ = {isa = PBXFileReference; lastKnownFileType = image.jpeg; path = arm2.jpg; sourceTree = "<group>"; };
		4CB3A5E023824271002824C8 /* chest2.jpg */ = {isa = PBXFileReference; lastKnownFileType = image.jpeg; path = chest2.jpg; sourceTree = "<group>"; };
		4CB3A5E123824271002824C8 /* shoulder2.jpg */ = {isa = PBXFileReference; lastKnownFileType = image.jpeg; path = shoulder2.jpg; sourceTree = "<group>"; };
		4CB3A5E223824271002824C8 /* face2.jpg */ = {isa = PBXFileReference; lastKnownFileType = image.jpeg; path = face2.jpg; sourceTree = "<group>"; };
		4CB3A5E323824272002824C8 /* calf2.jpg */ = {isa = PBXFileReference; lastKnownFileType = image.jpeg; path = calf2.jpg; sourceTree = "<group>"; };
		4CB3A5ED23824448002824C8 /* faceViewController.swift */ = {isa = PBXFileReference; lastKnownFileType = sourcecode.swift; path = faceViewController.swift; sourceTree = "<group>"; };
		4CB3A5EF2382445A002824C8 /* neckViewController.swift */ = {isa = PBXFileReference; lastKnownFileType = sourcecode.swift; path = neckViewController.swift; sourceTree = "<group>"; };
		4CB3A5F1238248F2002824C8 /* armsViewController.swift */ = {isa = PBXFileReference; lastKnownFileType = sourcecode.swift; path = armsViewController.swift; sourceTree = "<group>"; };
		4CB3A5F323824903002824C8 /* handViewController.swift */ = {isa = PBXFileReference; lastKnownFileType = sourcecode.swift; path = handViewController.swift; sourceTree = "<group>"; };
		4CB3A5F523824B45002824C8 /* calfViewController.swift */ = {isa = PBXFileReference; lastKnownFileType = sourcecode.swift; path = calfViewController.swift; sourceTree = "<group>"; };
		4CB3A5F923824FC4002824C8 /* newfootViewController.swift */ = {isa = PBXFileReference; lastKnownFileType = sourcecode.swift; path = newfootViewController.swift; sourceTree = "<group>"; };
		4CE8B373238220B7007D7D77 /* ChestViewController.swift */ = {isa = PBXFileReference; lastKnownFileType = sourcecode.swift; path = ChestViewController.swift; sourceTree = "<group>"; };
		4CE8B375238228DD007D7D77 /* backViewController.swift */ = {isa = PBXFileReference; lastKnownFileType = sourcecode.swift; path = backViewController.swift; sourceTree = "<group>"; };
		4CE8B377238228F2007D7D77 /* shoudlerViewController.swift */ = {isa = PBXFileReference; lastKnownFileType = sourcecode.swift; path = shoudlerViewController.swift; sourceTree = "<group>"; };
		4CE8B37B23823182007D7D77 /* DataEntry.swift */ = {isa = PBXFileReference; lastKnownFileType = sourcecode.swift; path = DataEntry.swift; sourceTree = "<group>"; };
		4CE8B37D238231AD007D7D77 /* CustomSegments.swift */ = {isa = PBXFileReference; lastKnownFileType = sourcecode.swift; path = CustomSegments.swift; sourceTree = "<group>"; };
		4CE8B37F238231E1007D7D77 /* CALayerExtension.swift */ = {isa = PBXFileReference; lastKnownFileType = sourcecode.swift; path = CALayerExtension.swift; sourceTree = "<group>"; };
		4CE8B381238231FE007D7D77 /* ArrayExtension.swift */ = {isa = PBXFileReference; lastKnownFileType = sourcecode.swift; path = ArrayExtension.swift; sourceTree = "<group>"; };
		4CE8B38323823210007D7D77 /* BasicBarChart.swift */ = {isa = PBXFileReference; lastKnownFileType = sourcecode.swift; path = BasicBarChart.swift; sourceTree = "<group>"; };
		4CE8B38523823229007D7D77 /* BasicBarChartPresenter.swift */ = {isa = PBXFileReference; lastKnownFileType = sourcecode.swift; path = BasicBarChartPresenter.swift; sourceTree = "<group>"; };
		4CE8B38723823236007D7D77 /* BasicBarEntry.swift */ = {isa = PBXFileReference; lastKnownFileType = sourcecode.swift; path = BasicBarEntry.swift; sourceTree = "<group>"; };
		4CE8B3892382331B007D7D77 /* UIBezierPathExtension.swift */ = {isa = PBXFileReference; lastKnownFileType = sourcecode.swift; path = UIBezierPathExtension.swift; sourceTree = "<group>"; };
		64865A35A0C9B1E450F56DFC /* Pods-275_test.debug.xcconfig */ = {isa = PBXFileReference; includeInIndex = 1; lastKnownFileType = text.xcconfig; name = "Pods-275_test.debug.xcconfig"; path = "Target Support Files/Pods-275_test/Pods-275_test.debug.xcconfig"; sourceTree = "<group>"; };
		869DE1CB743AF7E1B501B67C /* Pods_275_testUITests.framework */ = {isa = PBXFileReference; explicitFileType = wrapper.framework; includeInIndex = 0; path = Pods_275_testUITests.framework; sourceTree = BUILT_PRODUCTS_DIR; };
		87625B67460843F85C90F8ED /* Pods_275_test.framework */ = {isa = PBXFileReference; explicitFileType = wrapper.framework; includeInIndex = 0; path = Pods_275_test.framework; sourceTree = BUILT_PRODUCTS_DIR; };
		990530922370DCC60068FA22 /* MenuController.swift */ = {isa = PBXFileReference; lastKnownFileType = sourcecode.swift; path = MenuController.swift; sourceTree = "<group>"; };
		990530932370DCC70068FA22 /* HomeController.swift */ = {isa = PBXFileReference; lastKnownFileType = sourcecode.swift; path = HomeController.swift; sourceTree = "<group>"; };
		990530982370DCD00068FA22 /* MenuOption.swift */ = {isa = PBXFileReference; lastKnownFileType = sourcecode.swift; path = MenuOption.swift; sourceTree = "<group>"; };
		9905309A2370DCD70068FA22 /* Protocols.swift */ = {isa = PBXFileReference; lastKnownFileType = sourcecode.swift; path = Protocols.swift; sourceTree = "<group>"; };
		9905309C2370DCDA0068FA22 /* MenuOptionCell.swift */ = {isa = PBXFileReference; lastKnownFileType = sourcecode.swift; path = MenuOptionCell.swift; sourceTree = "<group>"; };
		992EF497237B88F5007A5573 /* PillScheduleViewController.swift */ = {isa = PBXFileReference; fileEncoding = 4; lastKnownFileType = sourcecode.swift; path = PillScheduleViewController.swift; sourceTree = "<group>"; };
		992EF498237B88F5007A5573 /* MainViewController.swift */ = {isa = PBXFileReference; fileEncoding = 4; lastKnownFileType = sourcecode.swift; path = MainViewController.swift; sourceTree = "<group>"; };
		992EF499237B88F5007A5573 /* SlideInTransition.swift */ = {isa = PBXFileReference; fileEncoding = 4; lastKnownFileType = sourcecode.swift; path = SlideInTransition.swift; sourceTree = "<group>"; };
		992EF49A237B88F5007A5573 /* MenuViewController.swift */ = {isa = PBXFileReference; fileEncoding = 4; lastKnownFileType = sourcecode.swift; path = MenuViewController.swift; sourceTree = "<group>"; };
		992EF49B237B88F5007A5573 /* Menu.storyboard */ = {isa = PBXFileReference; fileEncoding = 4; lastKnownFileType = file.storyboard; path = Menu.storyboard; sourceTree = "<group>"; };
		993139D0236BBF24008802A9 /* GoogleService-Info.plist */ = {isa = PBXFileReference; fileEncoding = 4; lastKnownFileType = text.plist.xml; path = "GoogleService-Info.plist"; sourceTree = "<group>"; };
		99367AAB2391FFA500D9A91F /* profileViewController.swift */ = {isa = PBXFileReference; fileEncoding = 4; lastKnownFileType = sourcecode.swift; path = profileViewController.swift; sourceTree = "<group>"; };
		9939D4F723750A3D00F1FB1F /* TremorViewController.swift */ = {isa = PBXFileReference; lastKnownFileType = sourcecode.swift; path = TremorViewController.swift; sourceTree = "<group>"; };
		9939D4FC23750CE600F1FB1F /* Tremor.storyboard */ = {isa = PBXFileReference; fileEncoding = 4; lastKnownFileType = file.storyboard; path = Tremor.storyboard; sourceTree = "<group>"; };
		9939D4FF2376671E00F1FB1F /* fft.swift */ = {isa = PBXFileReference; fileEncoding = 4; lastKnownFileType = sourcecode.swift; path = fft.swift; sourceTree = "<group>"; };
		99767344236FC49900C544C5 /* 275_test.xcworkspace */ = {isa = PBXFileReference; lastKnownFileType = wrapper.workspace; path = 275_test.xcworkspace; sourceTree = SOURCE_ROOT; };
		997CAD5223835D1D008A96F4 /* GoogleService-Info.plist */ = {isa = PBXFileReference; fileEncoding = 4; lastKnownFileType = text.plist.xml; path = "GoogleService-Info.plist"; sourceTree = "<group>"; };
		99D1993F237B8ADB00C5F2EC /* Exercise.storyboard */ = {isa = PBXFileReference; fileEncoding = 4; lastKnownFileType = file.storyboard; path = Exercise.storyboard; sourceTree = "<group>"; };
		99D19940237B8ADB00C5F2EC /* ExerciseViewController.swift */ = {isa = PBXFileReference; fileEncoding = 4; lastKnownFileType = sourcecode.swift; path = ExerciseViewController.swift; sourceTree = "<group>"; };
		99D5E12123767930004DFE71 /* TremorOverViewController.swift */ = {isa = PBXFileReference; lastKnownFileType = sourcecode.swift; path = TremorOverViewController.swift; sourceTree = "<group>"; };
		99D968132388C53C00D793F2 /* SHA256.h */ = {isa = PBXFileReference; lastKnownFileType = sourcecode.c.h; path = SHA256.h; sourceTree = "<group>"; };
		99D968182388CD4700D793F2 /* Common.swift */ = {isa = PBXFileReference; lastKnownFileType = sourcecode.swift; path = Common.swift; sourceTree = "<group>"; };
		A4124C6D237F5D0A00D1CEDA /* TremorManager.swift */ = {isa = PBXFileReference; fileEncoding = 4; lastKnownFileType = sourcecode.swift; path = TremorManager.swift; sourceTree = "<group>"; };
		A436108C237F5EA400F12714 /* LoginViewController.swift */ = {isa = PBXFileReference; fileEncoding = 4; lastKnownFileType = sourcecode.swift; path = LoginViewController.swift; sourceTree = "<group>"; };
		A4361090237F878000F12714 /* tremors.jpg */ = {isa = PBXFileReference; lastKnownFileType = image.jpeg; path = tremors.jpg; sourceTree = "<group>"; };
		A4361092237F901600F12714 /* reccommended.jpg */ = {isa = PBXFileReference; lastKnownFileType = image.jpeg; path = reccommended.jpg; sourceTree = "<group>"; };
		A441A9F2238A659D0061828A /* WeeklySurveyViewController.swift */ = {isa = PBXFileReference; lastKnownFileType = sourcecode.swift; path = WeeklySurveyViewController.swift; sourceTree = "<group>"; };
		A44FCA93237E01D0000D4B8E /* surveybackground.jpeg */ = {isa = PBXFileReference; lastKnownFileType = image.jpeg; path = surveybackground.jpeg; sourceTree = "<group>"; };
		A44FCA95237E079A000D4B8E /* dumbbell.png */ = {isa = PBXFileReference; lastKnownFileType = image.png; path = dumbbell.png; sourceTree = "<group>"; };
		A44FCA97237E19D7000D4B8E /* Recommend.storyboard */ = {isa = PBXFileReference; fileEncoding = 4; lastKnownFileType = file.storyboard; path = Recommend.storyboard; sourceTree = "<group>"; };
		A44FCA99237E1A88000D4B8E /* RecommendViewController.swift */ = {isa = PBXFileReference; lastKnownFileType = sourcecode.swift; path = RecommendViewController.swift; sourceTree = "<group>"; };
		A44FCA9D237E22A8000D4B8E /* Variables.swift */ = {isa = PBXFileReference; lastKnownFileType = sourcecode.swift; path = Variables.swift; sourceTree = "<group>"; };
		A45290C4237E37D5003F8D06 /* DoctorViewController.swift */ = {isa = PBXFileReference; lastKnownFileType = sourcecode.swift; path = DoctorViewController.swift; sourceTree = "<group>"; };
		A48E4EE923701EE1008B4F96 /* background.jpg */ = {isa = PBXFileReference; lastKnownFileType = image.jpeg; path = background.jpg; sourceTree = "<group>"; };
		A48E4EEB237024B4008B4F96 /* frame.jpg */ = {isa = PBXFileReference; lastKnownFileType = image.jpeg; path = frame.jpg; sourceTree = "<group>"; };
		A48E4EED23702B3B008B4F96 /* white.jpg */ = {isa = PBXFileReference; lastKnownFileType = image.jpeg; path = white.jpg; sourceTree = "<group>"; };
		A4951A8E238DED300062817D /* PatientDetails1ViewController.swift */ = {isa = PBXFileReference; lastKnownFileType = sourcecode.swift; path = PatientDetails1ViewController.swift; sourceTree = "<group>"; };
		A4C1065C237E3C0E006ACF47 /* doctorbackground.png */ = {isa = PBXFileReference; lastKnownFileType = image.png; path = doctorbackground.png; sourceTree = "<group>"; };
		A4C1065E237E444C006ACF47 /* DocProfileViewController.swift */ = {isa = PBXFileReference; lastKnownFileType = sourcecode.swift; path = DocProfileViewController.swift; sourceTree = "<group>"; };
		A4C10660237E4573006ACF47 /* DocPatientListViewController.swift */ = {isa = PBXFileReference; lastKnownFileType = sourcecode.swift; path = DocPatientListViewController.swift; sourceTree = "<group>"; };
		A4CCDC01238A77F500164D0E /* WeeklySurvey.storyboard */ = {isa = PBXFileReference; fileEncoding = 4; lastKnownFileType = file.storyboard; path = WeeklySurvey.storyboard; sourceTree = "<group>"; };
		A4CCDC03238A872100164D0E /* UpperBodyViewController.swift */ = {isa = PBXFileReference; lastKnownFileType = sourcecode.swift; path = UpperBodyViewController.swift; sourceTree = "<group>"; };
		A4CCDC05238A8C7100164D0E /* HeadViewController.swift */ = {isa = PBXFileReference; lastKnownFileType = sourcecode.swift; path = HeadViewController.swift; sourceTree = "<group>"; };
		A4CCDC07238A8C8200164D0E /* LowerBodyViewController.swift */ = {isa = PBXFileReference; lastKnownFileType = sourcecode.swift; path = LowerBodyViewController.swift; sourceTree = "<group>"; };
		A4CCDC09238A8CDA00164D0E /* HandAndArmViewController.swift */ = {isa = PBXFileReference; lastKnownFileType = sourcecode.swift; path = HandAndArmViewController.swift; sourceTree = "<group>"; };
		A4DF0F78237FB86E006BCAB2 /* FocusAreaViewController.swift */ = {isa = PBXFileReference; lastKnownFileType = sourcecode.swift; path = FocusAreaViewController.swift; sourceTree = "<group>"; };
		A4E00E942370CB800070E1A4 /* LaunchScreen.storyboard */ = {isa = PBXFileReference; lastKnownFileType = file.storyboard; path = LaunchScreen.storyboard; sourceTree = "<group>"; };
		A4E00E952370CDEE0070E1A4 /* Survey.storyboard */ = {isa = PBXFileReference; fileEncoding = 4; lastKnownFileType = file.storyboard; path = Survey.storyboard; sourceTree = "<group>"; };
		A4E00E972370CEB20070E1A4 /* SurveyViewController.swift */ = {isa = PBXFileReference; fileEncoding = 4; lastKnownFileType = sourcecode.swift; path = SurveyViewController.swift; sourceTree = "<group>"; };
		A6E0CF072A80B810B5E3D73B /* Pods-275_testUITests.debug.xcconfig */ = {isa = PBXFileReference; includeInIndex = 1; lastKnownFileType = text.xcconfig; name = "Pods-275_testUITests.debug.xcconfig"; path = "Target Support Files/Pods-275_testUITests/Pods-275_testUITests.debug.xcconfig"; sourceTree = "<group>"; };
		C74739108C6B78831EFC2A12 /* Pods-275_testTests.release.xcconfig */ = {isa = PBXFileReference; includeInIndex = 1; lastKnownFileType = text.xcconfig; name = "Pods-275_testTests.release.xcconfig"; path = "Target Support Files/Pods-275_testTests/Pods-275_testTests.release.xcconfig"; sourceTree = "<group>"; };
		C8649A0543F3749D9A9311D6 /* Pods-275_test.release.xcconfig */ = {isa = PBXFileReference; includeInIndex = 1; lastKnownFileType = text.xcconfig; name = "Pods-275_test.release.xcconfig"; path = "Target Support Files/Pods-275_test/Pods-275_test.release.xcconfig"; sourceTree = "<group>"; };
		FC3FDA9B9D7147CDF9933B88 /* Pods-275_testTests.debug.xcconfig */ = {isa = PBXFileReference; includeInIndex = 1; lastKnownFileType = text.xcconfig; name = "Pods-275_testTests.debug.xcconfig"; path = "Target Support Files/Pods-275_testTests/Pods-275_testTests.debug.xcconfig"; sourceTree = "<group>"; };
/* End PBXFileReference section */

/* Begin PBXFrameworksBuildPhase section */
		348982EB2368F6D200C623F2 /* Frameworks */ = {
			isa = PBXFrameworksBuildPhase;
			buildActionMask = 2147483647;
			files = (
				708AE7F289555A4AA6BA2D04 /* Pods_275_test.framework in Frameworks */,
			);
			runOnlyForDeploymentPostprocessing = 0;
		};
		348982FF2368F6D400C623F2 /* Frameworks */ = {
			isa = PBXFrameworksBuildPhase;
			buildActionMask = 2147483647;
			files = (
				DD872CC5A561966DE851E4FB /* Pods_275_testTests.framework in Frameworks */,
			);
			runOnlyForDeploymentPostprocessing = 0;
		};
		3489830A2368F6D400C623F2 /* Frameworks */ = {
			isa = PBXFrameworksBuildPhase;
			buildActionMask = 2147483647;
			files = (
				540A7D31D058CB292B1FD907 /* Pods_275_testUITests.framework in Frameworks */,
			);
			runOnlyForDeploymentPostprocessing = 0;
		};
/* End PBXFrameworksBuildPhase section */

/* Begin PBXGroup section */
		348982E52368F6D200C623F2 = {
			isa = PBXGroup;
			children = (
				348982F02368F6D200C623F2 /* 275_test */,
				348983052368F6D400C623F2 /* 275_testTests */,
				348983102368F6D400C623F2 /* 275_testUITests */,
				348982EF2368F6D200C623F2 /* Products */,
				4CB3A5DF23824271002824C8 /* arm2.jpg */,
				4CB3A5DB23824271002824C8 /* back2.jpg */,
				4CB3A5E323824272002824C8 /* calf2.jpg */,
				4CB3A5E023824271002824C8 /* chest2.jpg */,
				4CB3A5E223824271002824C8 /* face2.jpg */,
				4CB3A5DE23824271002824C8 /* font2.jpg */,
				4CB3A5DD23824271002824C8 /* hand2.jpg */,
				4CB3A5DC23824271002824C8 /* neck2.jpg */,
				4CB3A5E123824271002824C8 /* shoulder2.jpg */,
				A4361092237F901600F12714 /* reccommended.jpg */,
				A4361090237F878000F12714 /* tremors.jpg */,
				A4C1065C237E3C0E006ACF47 /* doctorbackground.png */,
				A44FCA95237E079A000D4B8E /* dumbbell.png */,
				A44FCA93237E01D0000D4B8E /* surveybackground.jpeg */,
				A48E4EED23702B3B008B4F96 /* white.jpg */,
				A48E4EEB237024B4008B4F96 /* frame.jpg */,
				A48E4EE923701EE1008B4F96 /* background.jpg */,
				34BB20B2236BBAD3001379EE /* unnamed.jpg */,
				EA894B148B64BEBB311C1605 /* Pods */,
				6B8728FA4FB590EBC464F22A /* Frameworks */,
			);
			sourceTree = "<group>";
		};
		348982EF2368F6D200C623F2 /* Products */ = {
			isa = PBXGroup;
			children = (
				348982EE2368F6D200C623F2 /* 275_test.app */,
				348983022368F6D400C623F2 /* 275_testTests.xctest */,
				3489830D2368F6D400C623F2 /* 275_testUITests.xctest */,
			);
			name = Products;
			sourceTree = "<group>";
		};
		348982F02368F6D200C623F2 /* 275_test */ = {
			isa = PBXGroup;
			children = (
				99D968132388C53C00D793F2 /* SHA256.h */,
				03B9D2882393025800F89B54 /* PTableViewController.swift */,
				993139D0236BBF24008802A9 /* GoogleService-Info.plist */,
				348982FD2368F6D400C623F2 /* Info.plist */,
				99D1993F237B8ADB00C5F2EC /* Exercise.storyboard */,
				A4E00E942370CB800070E1A4 /* LaunchScreen.storyboard */,
				34BB20AE236BB846001379EE /* Main.storyboard */,
				992EF49B237B88F5007A5573 /* Menu.storyboard */,
				A44FCA97237E19D7000D4B8E /* Recommend.storyboard */,
				A4E00E952370CDEE0070E1A4 /* Survey.storyboard */,
				9939D4FC23750CE600F1FB1F /* Tremor.storyboard */,
				A4CCDC01238A77F500164D0E /* WeeklySurvey.storyboard */,
				4C0475B023931ECF003FD779 /* medicationschdule.storyboard */,
				4C9438ED23938C9D00713C42 /* profileViewController.swift */,
				348982F12368F6D200C623F2 /* AppDelegate.swift */,
				4CB3A5F1238248F2002824C8 /* armsViewController.swift */,
				4CE8B381238231FE007D7D77 /* ArrayExtension.swift */,
				4CE8B375238228DD007D7D77 /* backViewController.swift */,
				4CE8B38323823210007D7D77 /* BasicBarChart.swift */,
				4CE8B38523823229007D7D77 /* BasicBarChartPresenter.swift */,
				4CE8B38723823236007D7D77 /* BasicBarEntry.swift */,
				4CE8B37F238231E1007D7D77 /* CALayerExtension.swift */,
				4CB3A5F523824B45002824C8 /* calfViewController.swift */,
				4C20C2792380F62900211694 /* ChartViewController.swift */,
				4CE8B373238220B7007D7D77 /* ChestViewController.swift */,
				99D968182388CD4700D793F2 /* Common.swift */,
				4CE8B37D238231AD007D7D77 /* CustomSegments.swift */,
				4CE8B37B23823182007D7D77 /* DataEntry.swift */,
				A4C10660237E4573006ACF47 /* DocPatientListViewController.swift */,
				A4C1065E237E444C006ACF47 /* DocProfileViewController.swift */,
				A45290C4237E37D5003F8D06 /* DoctorViewController.swift */,
				4C8BCBC92380F25300A3D285 /* EX.swift */,
				99D19940237B8ADB00C5F2EC /* ExerciseViewController.swift */,
				4CB3A5ED23824448002824C8 /* faceViewController.swift */,
				9939D4FF2376671E00F1FB1F /* fft.swift */,
				A4DF0F78237FB86E006BCAB2 /* FocusAreaViewController.swift */,
				A4CCDC09238A8CDA00164D0E /* HandAndArmViewController.swift */,
				4CB3A5F323824903002824C8 /* handViewController.swift */,
				A4CCDC05238A8C7100164D0E /* HeadViewController.swift */,
				990530932370DCC70068FA22 /* HomeController.swift */,
				A436108C237F5EA400F12714 /* LoginViewController.swift */,
				A4CCDC07238A8C8200164D0E /* LowerBodyViewController.swift */,
				992EF498237B88F5007A5573 /* MainViewController.swift */,
				990530922370DCC60068FA22 /* MenuController.swift */,
				990530982370DCD00068FA22 /* MenuOption.swift */,
				9905309C2370DCDA0068FA22 /* MenuOptionCell.swift */,
				992EF49A237B88F5007A5573 /* MenuViewController.swift */,
				4C5032612391EB6600CC1DF0 /* MichaelsFile.swift */,
				4CB3A5EF2382445A002824C8 /* neckViewController.swift */,
				4CB3A5F923824FC4002824C8 /* newfootViewController.swift */,
				A4951A8E238DED300062817D /* PatientDetails1ViewController.swift */,
				992EF497237B88F5007A5573 /* PillScheduleViewController.swift */,
				99367AAB2391FFA500D9A91F /* profileViewController.swift */,
				9905309A2370DCD70068FA22 /* Protocols.swift */,
				A44FCA99237E1A88000D4B8E /* RecommendViewController.swift */,
				4CE8B377238228F2007D7D77 /* shoudlerViewController.swift */,
				992EF499237B88F5007A5573 /* SlideInTransition.swift */,
				A4E00E972370CEB20070E1A4 /* SurveyViewController.swift */,
				A4124C6D237F5D0A00D1CEDA /* TremorManager.swift */,
				99D5E12123767930004DFE71 /* TremorOverViewController.swift */,
				9939D4F723750A3D00F1FB1F /* TremorViewController.swift */,
				4CE8B3892382331B007D7D77 /* UIBezierPathExtension.swift */,
				A4CCDC03238A872100164D0E /* UpperBodyViewController.swift */,
				34BB20B6236BC714001379EE /* UserSelectViewController.swift */,
				A44FCA9D237E22A8000D4B8E /* Variables.swift */,
				A441A9F2238A659D0061828A /* WeeklySurveyViewController.swift */,
				4C0475B223931F48003FD779 /* MedicationScheduleViewController.swift */,
				4C5032652391F18300CC1DF0 /* WednesdayViewController.swift */,
				4C0475B4239336E6003FD779 /* ThursdayViewController.swift */,
				4C0475B823933712003FD779 /* SaturdayViewController.swift */,
				4C5032632391EB7D00CC1DF0 /* tuesdayViewController.swift */,
				4C0475BA23933722003FD779 /* SundayViewController.swift */,
				4C0475B6239336FD003FD779 /* FridayViewController.swift */,
				4C0475BC23934264003FD779 /* MondayViewController.swift */,
				4CA0AB0B239361A200BA3D91 /* MedicationMainViewController.swift */,
				4CA0AB092393590A00BA3D91 /* addEventViewController.swift */,
				4CA0AB0F23936CED00BA3D91 /* deleteEventViewController.swift */,
				348982F82368F6D400C623F2 /* Assets.xcassets */,
				99767344236FC49900C544C5 /* 275_test.xcworkspace */,
				348982FA2368F6D400C623F2 /* LaunchScreen.storyboard */,
			);
			path = 275_test;
			sourceTree = "<group>";
		};
		348983052368F6D400C623F2 /* 275_testTests */ = {
			isa = PBXGroup;
			children = (
				348983062368F6D400C623F2 /* _75_testTests.swift */,
				997CAD5223835D1D008A96F4 /* GoogleService-Info.plist */,
				348983082368F6D400C623F2 /* Info.plist */,
			);
			path = 275_testTests;
			sourceTree = "<group>";
		};
		348983102368F6D400C623F2 /* 275_testUITests */ = {
			isa = PBXGroup;
			children = (
				348983112368F6D400C623F2 /* _75_testUITests.swift */,
				348983132368F6D400C623F2 /* Info.plist */,
			);
			path = 275_testUITests;
			sourceTree = "<group>";
		};
		6B8728FA4FB590EBC464F22A /* Frameworks */ = {
			isa = PBXGroup;
			children = (
				87625B67460843F85C90F8ED /* Pods_275_test.framework */,
				0509952793B4513A2FDDE658 /* Pods_275_testTests.framework */,
				869DE1CB743AF7E1B501B67C /* Pods_275_testUITests.framework */,
			);
			name = Frameworks;
			sourceTree = "<group>";
		};
		EA894B148B64BEBB311C1605 /* Pods */ = {
			isa = PBXGroup;
			children = (
				64865A35A0C9B1E450F56DFC /* Pods-275_test.debug.xcconfig */,
				C8649A0543F3749D9A9311D6 /* Pods-275_test.release.xcconfig */,
				FC3FDA9B9D7147CDF9933B88 /* Pods-275_testTests.debug.xcconfig */,
				C74739108C6B78831EFC2A12 /* Pods-275_testTests.release.xcconfig */,
				A6E0CF072A80B810B5E3D73B /* Pods-275_testUITests.debug.xcconfig */,
				1CC2B48285A2C8A574E103E3 /* Pods-275_testUITests.release.xcconfig */,
			);
			path = Pods;
			sourceTree = "<group>";
		};
/* End PBXGroup section */

/* Begin PBXNativeTarget section */
		348982ED2368F6D200C623F2 /* 275_test */ = {
			isa = PBXNativeTarget;
			buildConfigurationList = 348983162368F6D400C623F2 /* Build configuration list for PBXNativeTarget "275_test" */;
			buildPhases = (
				26C69C0B88C5157CD75E0486 /* [CP] Check Pods Manifest.lock */,
				348982EA2368F6D200C623F2 /* Sources */,
				348982EB2368F6D200C623F2 /* Frameworks */,
				348982EC2368F6D200C623F2 /* Resources */,
				72A439307D13A6EED175FD3B /* [CP] Copy Pods Resources */,
				09849D16AAAADEE390C07D99 /* [CP] Embed Pods Frameworks */,
			);
			buildRules = (
			);
			dependencies = (
			);
			name = 275_test;
			productName = 275_test;
			productReference = 348982EE2368F6D200C623F2 /* 275_test.app */;
			productType = "com.apple.product-type.application";
		};
		348983012368F6D400C623F2 /* 275_testTests */ = {
			isa = PBXNativeTarget;
			buildConfigurationList = 348983192368F6D400C623F2 /* Build configuration list for PBXNativeTarget "275_testTests" */;
			buildPhases = (
				1078DD52AD7AD3AB3C6CD4BA /* [CP] Check Pods Manifest.lock */,
				348982FE2368F6D400C623F2 /* Sources */,
				348982FF2368F6D400C623F2 /* Frameworks */,
				348983002368F6D400C623F2 /* Resources */,
				8D7F8388F7458E7507831538 /* [CP] Embed Pods Frameworks */,
				5E55656FE287A77375E2A81C /* [CP] Copy Pods Resources */,
			);
			buildRules = (
			);
			dependencies = (
				348983042368F6D400C623F2 /* PBXTargetDependency */,
			);
			name = 275_testTests;
			productName = 275_testTests;
			productReference = 348983022368F6D400C623F2 /* 275_testTests.xctest */;
			productType = "com.apple.product-type.bundle.unit-test";
		};
		3489830C2368F6D400C623F2 /* 275_testUITests */ = {
			isa = PBXNativeTarget;
			buildConfigurationList = 3489831C2368F6D400C623F2 /* Build configuration list for PBXNativeTarget "275_testUITests" */;
			buildPhases = (
				872DDD591B56DC1DE1C2A546 /* [CP] Check Pods Manifest.lock */,
				348983092368F6D400C623F2 /* Sources */,
				3489830A2368F6D400C623F2 /* Frameworks */,
				3489830B2368F6D400C623F2 /* Resources */,
				164E853AA37EE68E81559248 /* [CP] Embed Pods Frameworks */,
				3EE9B96494745CA2194E9359 /* [CP] Copy Pods Resources */,
			);
			buildRules = (
			);
			dependencies = (
				3489830F2368F6D400C623F2 /* PBXTargetDependency */,
			);
			name = 275_testUITests;
			productName = 275_testUITests;
			productReference = 3489830D2368F6D400C623F2 /* 275_testUITests.xctest */;
			productType = "com.apple.product-type.bundle.ui-testing";
		};
/* End PBXNativeTarget section */

/* Begin PBXProject section */
		348982E62368F6D200C623F2 /* Project object */ = {
			isa = PBXProject;
			attributes = {
				LastSwiftUpdateCheck = 1010;
				LastUpgradeCheck = 1010;
				ORGANIZATIONNAME = "Sterling Smith";
				TargetAttributes = {
					348982ED2368F6D200C623F2 = {
						CreatedOnToolsVersion = 10.1;
					};
					348983012368F6D400C623F2 = {
						CreatedOnToolsVersion = 10.1;
						TestTargetID = 348982ED2368F6D200C623F2;
					};
					3489830C2368F6D400C623F2 = {
						CreatedOnToolsVersion = 10.1;
						TestTargetID = 348982ED2368F6D200C623F2;
					};
				};
			};
			buildConfigurationList = 348982E92368F6D200C623F2 /* Build configuration list for PBXProject "275_test" */;
			compatibilityVersion = "Xcode 9.3";
			developmentRegion = en;
			hasScannedForEncodings = 0;
			knownRegions = (
				en,
				Base,
			);
			mainGroup = 348982E52368F6D200C623F2;
			productRefGroup = 348982EF2368F6D200C623F2 /* Products */;
			projectDirPath = "";
			projectRoot = "";
			targets = (
				348982ED2368F6D200C623F2 /* 275_test */,
				348983012368F6D400C623F2 /* 275_testTests */,
				3489830C2368F6D400C623F2 /* 275_testUITests */,
			);
		};
/* End PBXProject section */

/* Begin PBXResourcesBuildPhase section */
		348982EC2368F6D200C623F2 /* Resources */ = {
			isa = PBXResourcesBuildPhase;
			buildActionMask = 2147483647;
			files = (
				348982FC2368F6D400C623F2 /* LaunchScreen.storyboard in Resources */,
				4CB3A5E823824272002824C8 /* arm2.jpg in Resources */,
				9939D4FD23750CE600F1FB1F /* Tremor.storyboard in Resources */,
				A4361091237F878000F12714 /* tremors.jpg in Resources */,
				4CB3A5E523824272002824C8 /* neck2.jpg in Resources */,
				4CB3A5E723824272002824C8 /* font2.jpg in Resources */,
				A4361093237F901600F12714 /* reccommended.jpg in Resources */,
				992EF4A0237B88F5007A5573 /* Menu.storyboard in Resources */,
				993139D1236BBF24008802A9 /* GoogleService-Info.plist in Resources */,
				A44FCA98237E19D7000D4B8E /* Recommend.storyboard in Resources */,
				A4C1065D237E3C0E006ACF47 /* doctorbackground.png in Resources */,
				A44FCA94237E01D0000D4B8E /* surveybackground.jpeg in Resources */,
				A44FCA96237E079A000D4B8E /* dumbbell.png in Resources */,
				348982F92368F6D400C623F2 /* Assets.xcassets in Resources */,
				34BB20B3236BBAD3001379EE /* unnamed.jpg in Resources */,
				A48E4EEE23702B3B008B4F96 /* white.jpg in Resources */,
				A4E00E962370CDEE0070E1A4 /* Survey.storyboard in Resources */,
				A48E4EEC237024B4008B4F96 /* frame.jpg in Resources */,
				99D19941237B8ADC00C5F2EC /* Exercise.storyboard in Resources */,
				A48E4EEA23701EE1008B4F96 /* background.jpg in Resources */,
				4CB3A5EA23824272002824C8 /* shoulder2.jpg in Resources */,
				4CB3A5EB23824272002824C8 /* face2.jpg in Resources */,
				34BB20AF236BB846001379EE /* Main.storyboard in Resources */,
				4CB3A5E623824272002824C8 /* hand2.jpg in Resources */,
				4CB3A5EC23824272002824C8 /* calf2.jpg in Resources */,
				99767345236FC49900C544C5 /* 275_test.xcworkspace in Resources */,
				4CB3A5E423824272002824C8 /* back2.jpg in Resources */,
				4CB3A5E923824272002824C8 /* chest2.jpg in Resources */,
				4C0475B123931ECF003FD779 /* medicationschdule.storyboard in Resources */,
				A4CCDC02238A77F500164D0E /* WeeklySurvey.storyboard in Resources */,
			);
			runOnlyForDeploymentPostprocessing = 0;
		};
		348983002368F6D400C623F2 /* Resources */ = {
			isa = PBXResourcesBuildPhase;
			buildActionMask = 2147483647;
			files = (
				997CAD5323835D1E008A96F4 /* GoogleService-Info.plist in Resources */,
			);
			runOnlyForDeploymentPostprocessing = 0;
		};
		3489830B2368F6D400C623F2 /* Resources */ = {
			isa = PBXResourcesBuildPhase;
			buildActionMask = 2147483647;
			files = (
			);
			runOnlyForDeploymentPostprocessing = 0;
		};
/* End PBXResourcesBuildPhase section */

/* Begin PBXShellScriptBuildPhase section */
		09849D16AAAADEE390C07D99 /* [CP] Embed Pods Frameworks */ = {
			isa = PBXShellScriptBuildPhase;
			buildActionMask = 2147483647;
			files = (
			);
			inputFileListPaths = (
				"${PODS_ROOT}/Target Support Files/Pods-275_test/Pods-275_test-frameworks-${CONFIGURATION}-input-files.xcfilelist",
			);
			name = "[CP] Embed Pods Frameworks";
			outputFileListPaths = (
				"${PODS_ROOT}/Target Support Files/Pods-275_test/Pods-275_test-frameworks-${CONFIGURATION}-output-files.xcfilelist",
			);
			runOnlyForDeploymentPostprocessing = 0;
			shellPath = /bin/sh;
			shellScript = "\"${PODS_ROOT}/Target Support Files/Pods-275_test/Pods-275_test-frameworks.sh\"\n";
			showEnvVarsInLog = 0;
		};
		1078DD52AD7AD3AB3C6CD4BA /* [CP] Check Pods Manifest.lock */ = {
			isa = PBXShellScriptBuildPhase;
			buildActionMask = 2147483647;
			files = (
			);
			inputFileListPaths = (
			);
			inputPaths = (
				"${PODS_PODFILE_DIR_PATH}/Podfile.lock",
				"${PODS_ROOT}/Manifest.lock",
			);
			name = "[CP] Check Pods Manifest.lock";
			outputFileListPaths = (
			);
			outputPaths = (
				"$(DERIVED_FILE_DIR)/Pods-275_testTests-checkManifestLockResult.txt",
			);
			runOnlyForDeploymentPostprocessing = 0;
			shellPath = /bin/sh;
			shellScript = "diff \"${PODS_PODFILE_DIR_PATH}/Podfile.lock\" \"${PODS_ROOT}/Manifest.lock\" > /dev/null\nif [ $? != 0 ] ; then\n    # print error to STDERR\n    echo \"error: The sandbox is not in sync with the Podfile.lock. Run 'pod install' or update your CocoaPods installation.\" >&2\n    exit 1\nfi\n# This output is used by Xcode 'outputs' to avoid re-running this script phase.\necho \"SUCCESS\" > \"${SCRIPT_OUTPUT_FILE_0}\"\n";
			showEnvVarsInLog = 0;
		};
		164E853AA37EE68E81559248 /* [CP] Embed Pods Frameworks */ = {
			isa = PBXShellScriptBuildPhase;
			buildActionMask = 2147483647;
			files = (
			);
			inputFileListPaths = (
				"${PODS_ROOT}/Target Support Files/Pods-275_testUITests/Pods-275_testUITests-frameworks-${CONFIGURATION}-input-files.xcfilelist",
			);
			name = "[CP] Embed Pods Frameworks";
			outputFileListPaths = (
				"${PODS_ROOT}/Target Support Files/Pods-275_testUITests/Pods-275_testUITests-frameworks-${CONFIGURATION}-output-files.xcfilelist",
			);
			runOnlyForDeploymentPostprocessing = 0;
			shellPath = /bin/sh;
			shellScript = "\"${PODS_ROOT}/Target Support Files/Pods-275_testUITests/Pods-275_testUITests-frameworks.sh\"\n";
			showEnvVarsInLog = 0;
		};
		26C69C0B88C5157CD75E0486 /* [CP] Check Pods Manifest.lock */ = {
			isa = PBXShellScriptBuildPhase;
			buildActionMask = 2147483647;
			files = (
			);
			inputFileListPaths = (
			);
			inputPaths = (
				"${PODS_PODFILE_DIR_PATH}/Podfile.lock",
				"${PODS_ROOT}/Manifest.lock",
			);
			name = "[CP] Check Pods Manifest.lock";
			outputFileListPaths = (
			);
			outputPaths = (
				"$(DERIVED_FILE_DIR)/Pods-275_test-checkManifestLockResult.txt",
			);
			runOnlyForDeploymentPostprocessing = 0;
			shellPath = /bin/sh;
			shellScript = "diff \"${PODS_PODFILE_DIR_PATH}/Podfile.lock\" \"${PODS_ROOT}/Manifest.lock\" > /dev/null\nif [ $? != 0 ] ; then\n    # print error to STDERR\n    echo \"error: The sandbox is not in sync with the Podfile.lock. Run 'pod install' or update your CocoaPods installation.\" >&2\n    exit 1\nfi\n# This output is used by Xcode 'outputs' to avoid re-running this script phase.\necho \"SUCCESS\" > \"${SCRIPT_OUTPUT_FILE_0}\"\n";
			showEnvVarsInLog = 0;
		};
		3EE9B96494745CA2194E9359 /* [CP] Copy Pods Resources */ = {
			isa = PBXShellScriptBuildPhase;
			buildActionMask = 2147483647;
			files = (
			);
			inputFileListPaths = (
				"${PODS_ROOT}/Target Support Files/Pods-275_testUITests/Pods-275_testUITests-resources-${CONFIGURATION}-input-files.xcfilelist",
			);
			name = "[CP] Copy Pods Resources";
			outputFileListPaths = (
				"${PODS_ROOT}/Target Support Files/Pods-275_testUITests/Pods-275_testUITests-resources-${CONFIGURATION}-output-files.xcfilelist",
			);
			runOnlyForDeploymentPostprocessing = 0;
			shellPath = /bin/sh;
			shellScript = "\"${PODS_ROOT}/Target Support Files/Pods-275_testUITests/Pods-275_testUITests-resources.sh\"\n";
			showEnvVarsInLog = 0;
		};
		5E55656FE287A77375E2A81C /* [CP] Copy Pods Resources */ = {
			isa = PBXShellScriptBuildPhase;
			buildActionMask = 2147483647;
			files = (
			);
			inputFileListPaths = (
				"${PODS_ROOT}/Target Support Files/Pods-275_testTests/Pods-275_testTests-resources-${CONFIGURATION}-input-files.xcfilelist",
			);
			name = "[CP] Copy Pods Resources";
			outputFileListPaths = (
				"${PODS_ROOT}/Target Support Files/Pods-275_testTests/Pods-275_testTests-resources-${CONFIGURATION}-output-files.xcfilelist",
			);
			runOnlyForDeploymentPostprocessing = 0;
			shellPath = /bin/sh;
			shellScript = "\"${PODS_ROOT}/Target Support Files/Pods-275_testTests/Pods-275_testTests-resources.sh\"\n";
			showEnvVarsInLog = 0;
		};
		72A439307D13A6EED175FD3B /* [CP] Copy Pods Resources */ = {
			isa = PBXShellScriptBuildPhase;
			buildActionMask = 2147483647;
			files = (
			);
			inputFileListPaths = (
				"${PODS_ROOT}/Target Support Files/Pods-275_test/Pods-275_test-resources-${CONFIGURATION}-input-files.xcfilelist",
			);
			name = "[CP] Copy Pods Resources";
			outputFileListPaths = (
				"${PODS_ROOT}/Target Support Files/Pods-275_test/Pods-275_test-resources-${CONFIGURATION}-output-files.xcfilelist",
			);
			runOnlyForDeploymentPostprocessing = 0;
			shellPath = /bin/sh;
			shellScript = "\"${PODS_ROOT}/Target Support Files/Pods-275_test/Pods-275_test-resources.sh\"\n";
			showEnvVarsInLog = 0;
		};
		872DDD591B56DC1DE1C2A546 /* [CP] Check Pods Manifest.lock */ = {
			isa = PBXShellScriptBuildPhase;
			buildActionMask = 2147483647;
			files = (
			);
			inputFileListPaths = (
			);
			inputPaths = (
				"${PODS_PODFILE_DIR_PATH}/Podfile.lock",
				"${PODS_ROOT}/Manifest.lock",
			);
			name = "[CP] Check Pods Manifest.lock";
			outputFileListPaths = (
			);
			outputPaths = (
				"$(DERIVED_FILE_DIR)/Pods-275_testUITests-checkManifestLockResult.txt",
			);
			runOnlyForDeploymentPostprocessing = 0;
			shellPath = /bin/sh;
			shellScript = "diff \"${PODS_PODFILE_DIR_PATH}/Podfile.lock\" \"${PODS_ROOT}/Manifest.lock\" > /dev/null\nif [ $? != 0 ] ; then\n    # print error to STDERR\n    echo \"error: The sandbox is not in sync with the Podfile.lock. Run 'pod install' or update your CocoaPods installation.\" >&2\n    exit 1\nfi\n# This output is used by Xcode 'outputs' to avoid re-running this script phase.\necho \"SUCCESS\" > \"${SCRIPT_OUTPUT_FILE_0}\"\n";
			showEnvVarsInLog = 0;
		};
		8D7F8388F7458E7507831538 /* [CP] Embed Pods Frameworks */ = {
			isa = PBXShellScriptBuildPhase;
			buildActionMask = 2147483647;
			files = (
			);
			inputFileListPaths = (
				"${PODS_ROOT}/Target Support Files/Pods-275_testTests/Pods-275_testTests-frameworks-${CONFIGURATION}-input-files.xcfilelist",
			);
			name = "[CP] Embed Pods Frameworks";
			outputFileListPaths = (
				"${PODS_ROOT}/Target Support Files/Pods-275_testTests/Pods-275_testTests-frameworks-${CONFIGURATION}-output-files.xcfilelist",
			);
			runOnlyForDeploymentPostprocessing = 0;
			shellPath = /bin/sh;
			shellScript = "\"${PODS_ROOT}/Target Support Files/Pods-275_testTests/Pods-275_testTests-frameworks.sh\"\n";
			showEnvVarsInLog = 0;
		};
/* End PBXShellScriptBuildPhase section */

/* Begin PBXSourcesBuildPhase section */
		348982EA2368F6D200C623F2 /* Sources */ = {
			isa = PBXSourcesBuildPhase;
			buildActionMask = 2147483647;
			files = (
				4C0475BD23934264003FD779 /* MondayViewController.swift in Sources */,
				A4124C6E237F5D0A00D1CEDA /* TremorManager.swift in Sources */,
				992EF49C237B88F5007A5573 /* PillScheduleViewController.swift in Sources */,
				4C0475BB23933722003FD779 /* SundayViewController.swift in Sources */,
				4C0475B323931F48003FD779 /* MedicationScheduleViewController.swift in Sources */,
				990530952370DCC70068FA22 /* MenuController.swift in Sources */,
				A44FCA9A237E1A88000D4B8E /* RecommendViewController.swift in Sources */,
				99D968192388CD4700D793F2 /* Common.swift in Sources */,
				4C8BCBCA2380F25300A3D285 /* EX.swift in Sources */,
				4CE8B38623823229007D7D77 /* BasicBarChartPresenter.swift in Sources */,
				4C20C27A2380F62900211694 /* ChartViewController.swift in Sources */,
				A4DF0F79237FB86E006BCAB2 /* FocusAreaViewController.swift in Sources */,
				9939D4F823750A3D00F1FB1F /* TremorViewController.swift in Sources */,
				9905309D2370DCDA0068FA22 /* MenuOptionCell.swift in Sources */,
				990530992370DCD00068FA22 /* MenuOption.swift in Sources */,
				4CE8B382238231FE007D7D77 /* ArrayExtension.swift in Sources */,
				4CE8B378238228F2007D7D77 /* shoudlerViewController.swift in Sources */,
				4CE8B38423823210007D7D77 /* BasicBarChart.swift in Sources */,
				9939D5012376671E00F1FB1F /* fft.swift in Sources */,
				A4CCDC0A238A8CDA00164D0E /* HandAndArmViewController.swift in Sources */,
				4CB3A5FA23824FC4002824C8 /* newfootViewController.swift in Sources */,
				4CA0AB1023936CED00BA3D91 /* deleteEventViewController.swift in Sources */,
				A4C1065F237E444C006ACF47 /* DocProfileViewController.swift in Sources */,
				4CE8B374238220B7007D7D77 /* ChestViewController.swift in Sources */,
				99367AAC2391FFA500D9A91F /* profileViewController.swift in Sources */,
				4CB3A5EE23824448002824C8 /* faceViewController.swift in Sources */,
				4CB3A5F2238248F2002824C8 /* armsViewController.swift in Sources */,
				A4CCDC06238A8C7100164D0E /* HeadViewController.swift in Sources */,
				4CA0AB0C239361A200BA3D91 /* MedicationMainViewController.swift in Sources */,
				A4951A8F238DED300062817D /* PatientDetails1ViewController.swift in Sources */,
				4CE8B380238231E1007D7D77 /* CALayerExtension.swift in Sources */,
				4CB3A5F623824B45002824C8 /* calfViewController.swift in Sources */,
				A44FCA9E237E22A8000D4B8E /* Variables.swift in Sources */,
				99D19942237B8ADC00C5F2EC /* ExerciseViewController.swift in Sources */,
				4CE8B37E238231AD007D7D77 /* CustomSegments.swift in Sources */,
				A441A9F3238A659D0061828A /* WeeklySurveyViewController.swift in Sources */,
				99D5E12223767930004DFE71 /* TremorOverViewController.swift in Sources */,
				4CE8B37C23823182007D7D77 /* DataEntry.swift in Sources */,
				A436108D237F5EA400F12714 /* LoginViewController.swift in Sources */,
				4C9438EE23938C9E00713C42 /* profileViewController.swift in Sources */,
				4C0475B5239336E6003FD779 /* ThursdayViewController.swift in Sources */,
				A4C10661237E4573006ACF47 /* DocPatientListViewController.swift in Sources */,
				4CA0AB0A2393590A00BA3D91 /* addEventViewController.swift in Sources */,
				992EF49D237B88F5007A5573 /* MainViewController.swift in Sources */,
				4CB3A5F02382445A002824C8 /* neckViewController.swift in Sources */,
				4C5032662391F18300CC1DF0 /* WednesdayViewController.swift in Sources */,
				4C5032642391EB7D00CC1DF0 /* tuesdayViewController.swift in Sources */,
				34BB20B7236BC714001379EE /* UserSelectViewController.swift in Sources */,
				4CE8B376238228DD007D7D77 /* backViewController.swift in Sources */,
				A45290C5237E37D5003F8D06 /* DoctorViewController.swift in Sources */,
				4C5032622391EB6600CC1DF0 /* MichaelsFile.swift in Sources */,
				4CE8B38A2382331B007D7D77 /* UIBezierPathExtension.swift in Sources */,
				4CB3A5F423824903002824C8 /* handViewController.swift in Sources */,
				03B9D2892393025800F89B54 /* PTableViewController.swift in Sources */,
				4C0475B923933712003FD779 /* SaturdayViewController.swift in Sources */,
				4CE8B38823823236007D7D77 /* BasicBarEntry.swift in Sources */,
				992EF49E237B88F5007A5573 /* SlideInTransition.swift in Sources */,
				9905309B2370DCD70068FA22 /* Protocols.swift in Sources */,
				4C0475B7239336FD003FD779 /* FridayViewController.swift in Sources */,
				A4CCDC04238A872100164D0E /* UpperBodyViewController.swift in Sources */,
				990530962370DCC70068FA22 /* HomeController.swift in Sources */,
				992EF49F237B88F5007A5573 /* MenuViewController.swift in Sources */,
				A4E00E982370CEB20070E1A4 /* SurveyViewController.swift in Sources */,
				A4CCDC08238A8C8200164D0E /* LowerBodyViewController.swift in Sources */,
				348982F22368F6D200C623F2 /* AppDelegate.swift in Sources */,
			);
			runOnlyForDeploymentPostprocessing = 0;
		};
		348982FE2368F6D400C623F2 /* Sources */ = {
			isa = PBXSourcesBuildPhase;
			buildActionMask = 2147483647;
			files = (
				348983072368F6D400C623F2 /* _75_testTests.swift in Sources */,
			);
			runOnlyForDeploymentPostprocessing = 0;
		};
		348983092368F6D400C623F2 /* Sources */ = {
			isa = PBXSourcesBuildPhase;
			buildActionMask = 2147483647;
			files = (
				348983122368F6D400C623F2 /* _75_testUITests.swift in Sources */,
			);
			runOnlyForDeploymentPostprocessing = 0;
		};
/* End PBXSourcesBuildPhase section */

/* Begin PBXTargetDependency section */
		348983042368F6D400C623F2 /* PBXTargetDependency */ = {
			isa = PBXTargetDependency;
			target = 348982ED2368F6D200C623F2 /* 275_test */;
			targetProxy = 348983032368F6D400C623F2 /* PBXContainerItemProxy */;
		};
		3489830F2368F6D400C623F2 /* PBXTargetDependency */ = {
			isa = PBXTargetDependency;
			target = 348982ED2368F6D200C623F2 /* 275_test */;
			targetProxy = 3489830E2368F6D400C623F2 /* PBXContainerItemProxy */;
		};
/* End PBXTargetDependency section */

/* Begin PBXVariantGroup section */
		348982FA2368F6D400C623F2 /* LaunchScreen.storyboard */ = {
			isa = PBXVariantGroup;
			children = (
				348982FB2368F6D400C623F2 /* Base */,
			);
			name = LaunchScreen.storyboard;
			sourceTree = "<group>";
		};
/* End PBXVariantGroup section */

/* Begin XCBuildConfiguration section */
		348983142368F6D400C623F2 /* Debug */ = {
			isa = XCBuildConfiguration;
			buildSettings = {
				ALWAYS_SEARCH_USER_PATHS = NO;
				CLANG_ANALYZER_NONNULL = YES;
				CLANG_ANALYZER_NUMBER_OBJECT_CONVERSION = YES_AGGRESSIVE;
				CLANG_CXX_LANGUAGE_STANDARD = "gnu++14";
				CLANG_CXX_LIBRARY = "libc++";
				CLANG_ENABLE_MODULES = YES;
				CLANG_ENABLE_OBJC_ARC = YES;
				CLANG_ENABLE_OBJC_WEAK = YES;
				CLANG_WARN_BLOCK_CAPTURE_AUTORELEASING = YES;
				CLANG_WARN_BOOL_CONVERSION = YES;
				CLANG_WARN_COMMA = YES;
				CLANG_WARN_CONSTANT_CONVERSION = YES;
				CLANG_WARN_DEPRECATED_OBJC_IMPLEMENTATIONS = YES;
				CLANG_WARN_DIRECT_OBJC_ISA_USAGE = YES_ERROR;
				CLANG_WARN_DOCUMENTATION_COMMENTS = YES;
				CLANG_WARN_EMPTY_BODY = YES;
				CLANG_WARN_ENUM_CONVERSION = YES;
				CLANG_WARN_INFINITE_RECURSION = YES;
				CLANG_WARN_INT_CONVERSION = YES;
				CLANG_WARN_NON_LITERAL_NULL_CONVERSION = YES;
				CLANG_WARN_OBJC_IMPLICIT_RETAIN_SELF = YES;
				CLANG_WARN_OBJC_LITERAL_CONVERSION = YES;
				CLANG_WARN_OBJC_ROOT_CLASS = YES_ERROR;
				CLANG_WARN_RANGE_LOOP_ANALYSIS = YES;
				CLANG_WARN_STRICT_PROTOTYPES = YES;
				CLANG_WARN_SUSPICIOUS_MOVE = YES;
				CLANG_WARN_UNGUARDED_AVAILABILITY = YES_AGGRESSIVE;
				CLANG_WARN_UNREACHABLE_CODE = YES;
				CLANG_WARN__DUPLICATE_METHOD_MATCH = YES;
				CODE_SIGN_IDENTITY = "iPhone Developer";
				COPY_PHASE_STRIP = NO;
				DEBUG_INFORMATION_FORMAT = dwarf;
				ENABLE_STRICT_OBJC_MSGSEND = YES;
				ENABLE_TESTABILITY = YES;
				GCC_C_LANGUAGE_STANDARD = gnu11;
				GCC_DYNAMIC_NO_PIC = NO;
				GCC_NO_COMMON_BLOCKS = YES;
				GCC_OPTIMIZATION_LEVEL = 0;
				GCC_PREPROCESSOR_DEFINITIONS = (
					"DEBUG=1",
					"$(inherited)",
				);
				GCC_WARN_64_TO_32_BIT_CONVERSION = YES;
				GCC_WARN_ABOUT_RETURN_TYPE = YES_ERROR;
				GCC_WARN_UNDECLARED_SELECTOR = YES;
				GCC_WARN_UNINITIALIZED_AUTOS = YES_AGGRESSIVE;
				GCC_WARN_UNUSED_FUNCTION = YES;
				GCC_WARN_UNUSED_VARIABLE = YES;
				IPHONEOS_DEPLOYMENT_TARGET = 12.1;
				MTL_ENABLE_DEBUG_INFO = INCLUDE_SOURCE;
				MTL_FAST_MATH = YES;
				ONLY_ACTIVE_ARCH = YES;
				SDKROOT = iphoneos;
				SWIFT_ACTIVE_COMPILATION_CONDITIONS = DEBUG;
				SWIFT_OPTIMIZATION_LEVEL = "-Onone";
			};
			name = Debug;
		};
		348983152368F6D400C623F2 /* Release */ = {
			isa = XCBuildConfiguration;
			buildSettings = {
				ALWAYS_SEARCH_USER_PATHS = NO;
				CLANG_ANALYZER_NONNULL = YES;
				CLANG_ANALYZER_NUMBER_OBJECT_CONVERSION = YES_AGGRESSIVE;
				CLANG_CXX_LANGUAGE_STANDARD = "gnu++14";
				CLANG_CXX_LIBRARY = "libc++";
				CLANG_ENABLE_MODULES = YES;
				CLANG_ENABLE_OBJC_ARC = YES;
				CLANG_ENABLE_OBJC_WEAK = YES;
				CLANG_WARN_BLOCK_CAPTURE_AUTORELEASING = YES;
				CLANG_WARN_BOOL_CONVERSION = YES;
				CLANG_WARN_COMMA = YES;
				CLANG_WARN_CONSTANT_CONVERSION = YES;
				CLANG_WARN_DEPRECATED_OBJC_IMPLEMENTATIONS = YES;
				CLANG_WARN_DIRECT_OBJC_ISA_USAGE = YES_ERROR;
				CLANG_WARN_DOCUMENTATION_COMMENTS = YES;
				CLANG_WARN_EMPTY_BODY = YES;
				CLANG_WARN_ENUM_CONVERSION = YES;
				CLANG_WARN_INFINITE_RECURSION = YES;
				CLANG_WARN_INT_CONVERSION = YES;
				CLANG_WARN_NON_LITERAL_NULL_CONVERSION = YES;
				CLANG_WARN_OBJC_IMPLICIT_RETAIN_SELF = YES;
				CLANG_WARN_OBJC_LITERAL_CONVERSION = YES;
				CLANG_WARN_OBJC_ROOT_CLASS = YES_ERROR;
				CLANG_WARN_RANGE_LOOP_ANALYSIS = YES;
				CLANG_WARN_STRICT_PROTOTYPES = YES;
				CLANG_WARN_SUSPICIOUS_MOVE = YES;
				CLANG_WARN_UNGUARDED_AVAILABILITY = YES_AGGRESSIVE;
				CLANG_WARN_UNREACHABLE_CODE = YES;
				CLANG_WARN__DUPLICATE_METHOD_MATCH = YES;
				CODE_SIGN_IDENTITY = "iPhone Developer";
				COPY_PHASE_STRIP = NO;
				DEBUG_INFORMATION_FORMAT = "dwarf-with-dsym";
				ENABLE_NS_ASSERTIONS = NO;
				ENABLE_STRICT_OBJC_MSGSEND = YES;
				GCC_C_LANGUAGE_STANDARD = gnu11;
				GCC_NO_COMMON_BLOCKS = YES;
				GCC_WARN_64_TO_32_BIT_CONVERSION = YES;
				GCC_WARN_ABOUT_RETURN_TYPE = YES_ERROR;
				GCC_WARN_UNDECLARED_SELECTOR = YES;
				GCC_WARN_UNINITIALIZED_AUTOS = YES_AGGRESSIVE;
				GCC_WARN_UNUSED_FUNCTION = YES;
				GCC_WARN_UNUSED_VARIABLE = YES;
				IPHONEOS_DEPLOYMENT_TARGET = 12.1;
				MTL_ENABLE_DEBUG_INFO = NO;
				MTL_FAST_MATH = YES;
				SDKROOT = iphoneos;
				SWIFT_COMPILATION_MODE = wholemodule;
				SWIFT_OPTIMIZATION_LEVEL = "-O";
				VALIDATE_PRODUCT = YES;
			};
			name = Release;
		};
		348983172368F6D400C623F2 /* Debug */ = {
			isa = XCBuildConfiguration;
			baseConfigurationReference = 64865A35A0C9B1E450F56DFC /* Pods-275_test.debug.xcconfig */;
			buildSettings = {
				ASSETCATALOG_COMPILER_APPICON_NAME = AppIcon;
				CODE_SIGN_STYLE = Automatic;
				DEVELOPMENT_TEAM = 245TDDYFNZ;
				INFOPLIST_FILE = 275_test/Info.plist;
				IPHONEOS_DEPLOYMENT_TARGET = 10.3;
				LD_RUNPATH_SEARCH_PATHS = (
					"$(inherited)",
					"@executable_path/Frameworks",
				);
				"OTHER_SWIFT_FLAGS[arch=*]" = "-D DEBUG";
				PRODUCT_BUNDLE_IDENTIFIER = com.group4.parkinhelp;
				PRODUCT_NAME = "$(TARGET_NAME)";
				SWIFT_OBJC_BRIDGING_HEADER = 275_test/SHA256.h;
				SWIFT_VERSION = 4.2;
				TARGETED_DEVICE_FAMILY = "1,2";
			};
			name = Debug;
		};
		348983182368F6D400C623F2 /* Release */ = {
			isa = XCBuildConfiguration;
			baseConfigurationReference = C8649A0543F3749D9A9311D6 /* Pods-275_test.release.xcconfig */;
			buildSettings = {
				ASSETCATALOG_COMPILER_APPICON_NAME = AppIcon;
				CODE_SIGN_STYLE = Automatic;
				DEVELOPMENT_TEAM = 245TDDYFNZ;
				INFOPLIST_FILE = 275_test/Info.plist;
				IPHONEOS_DEPLOYMENT_TARGET = 10.3;
				LD_RUNPATH_SEARCH_PATHS = (
					"$(inherited)",
					"@executable_path/Frameworks",
				);
				PRODUCT_BUNDLE_IDENTIFIER = com.group4.parkinhelp;
				PRODUCT_NAME = "$(TARGET_NAME)";
				SWIFT_OBJC_BRIDGING_HEADER = 275_test/SHA256.h;
				SWIFT_VERSION = 4.2;
				TARGETED_DEVICE_FAMILY = "1,2";
			};
			name = Release;
		};
		3489831A2368F6D400C623F2 /* Debug */ = {
			isa = XCBuildConfiguration;
			baseConfigurationReference = FC3FDA9B9D7147CDF9933B88 /* Pods-275_testTests.debug.xcconfig */;
			buildSettings = {
				ALWAYS_EMBED_SWIFT_STANDARD_LIBRARIES = YES;
				BUNDLE_LOADER = "$(TEST_HOST)";
				CODE_SIGN_STYLE = Automatic;
				HEADER_SEARCH_PATHS = "\"${PODS_ROOT}/Firebase/CoreOnly/Sources\"";
				INFOPLIST_FILE = 275_testTests/Info.plist;
				LD_RUNPATH_SEARCH_PATHS = (
					"$(inherited)",
					"@executable_path/Frameworks",
					"@loader_path/Frameworks",
				);
				PRODUCT_BUNDLE_IDENTIFIER = "CMPT-275.-75-testTests";
				PRODUCT_NAME = "$(TARGET_NAME)";
				SWIFT_VERSION = 4.2;
				TARGETED_DEVICE_FAMILY = "1,2";
				TEST_HOST = "$(BUILT_PRODUCTS_DIR)/275_test.app/275_test";
			};
			name = Debug;
		};
		3489831B2368F6D400C623F2 /* Release */ = {
			isa = XCBuildConfiguration;
			baseConfigurationReference = C74739108C6B78831EFC2A12 /* Pods-275_testTests.release.xcconfig */;
			buildSettings = {
				ALWAYS_EMBED_SWIFT_STANDARD_LIBRARIES = YES;
				BUNDLE_LOADER = "$(TEST_HOST)";
				CODE_SIGN_STYLE = Automatic;
				HEADER_SEARCH_PATHS = "\"${PODS_ROOT}/Firebase/CoreOnly/Sources\"";
				INFOPLIST_FILE = 275_testTests/Info.plist;
				LD_RUNPATH_SEARCH_PATHS = (
					"$(inherited)",
					"@executable_path/Frameworks",
					"@loader_path/Frameworks",
				);
				PRODUCT_BUNDLE_IDENTIFIER = "CMPT-275.-75-testTests";
				PRODUCT_NAME = "$(TARGET_NAME)";
				SWIFT_VERSION = 4.2;
				TARGETED_DEVICE_FAMILY = "1,2";
				TEST_HOST = "$(BUILT_PRODUCTS_DIR)/275_test.app/275_test";
			};
			name = Release;
		};
		3489831D2368F6D400C623F2 /* Debug */ = {
			isa = XCBuildConfiguration;
			baseConfigurationReference = A6E0CF072A80B810B5E3D73B /* Pods-275_testUITests.debug.xcconfig */;
			buildSettings = {
				ALWAYS_EMBED_SWIFT_STANDARD_LIBRARIES = YES;
				CODE_SIGN_STYLE = Automatic;
				INFOPLIST_FILE = 275_testUITests/Info.plist;
				LD_RUNPATH_SEARCH_PATHS = (
					"$(inherited)",
					"@executable_path/Frameworks",
					"@loader_path/Frameworks",
				);
				PRODUCT_BUNDLE_IDENTIFIER = "CMPT-275.-75-testUITests";
				PRODUCT_NAME = "$(TARGET_NAME)";
				SWIFT_VERSION = 4.2;
				TARGETED_DEVICE_FAMILY = "1,2";
				TEST_TARGET_NAME = 275_test;
			};
			name = Debug;
		};
		3489831E2368F6D400C623F2 /* Release */ = {
			isa = XCBuildConfiguration;
			baseConfigurationReference = 1CC2B48285A2C8A574E103E3 /* Pods-275_testUITests.release.xcconfig */;
			buildSettings = {
				ALWAYS_EMBED_SWIFT_STANDARD_LIBRARIES = YES;
				CODE_SIGN_STYLE = Automatic;
				INFOPLIST_FILE = 275_testUITests/Info.plist;
				LD_RUNPATH_SEARCH_PATHS = (
					"$(inherited)",
					"@executable_path/Frameworks",
					"@loader_path/Frameworks",
				);
				PRODUCT_BUNDLE_IDENTIFIER = "CMPT-275.-75-testUITests";
				PRODUCT_NAME = "$(TARGET_NAME)";
				SWIFT_VERSION = 4.2;
				TARGETED_DEVICE_FAMILY = "1,2";
				TEST_TARGET_NAME = 275_test;
			};
			name = Release;
		};
/* End XCBuildConfiguration section */

/* Begin XCConfigurationList section */
		348982E92368F6D200C623F2 /* Build configuration list for PBXProject "275_test" */ = {
			isa = XCConfigurationList;
			buildConfigurations = (
				348983142368F6D400C623F2 /* Debug */,
				348983152368F6D400C623F2 /* Release */,
			);
			defaultConfigurationIsVisible = 0;
			defaultConfigurationName = Release;
		};
		348983162368F6D400C623F2 /* Build configuration list for PBXNativeTarget "275_test" */ = {
			isa = XCConfigurationList;
			buildConfigurations = (
				348983172368F6D400C623F2 /* Debug */,
				348983182368F6D400C623F2 /* Release */,
			);
			defaultConfigurationIsVisible = 0;
			defaultConfigurationName = Release;
		};
		348983192368F6D400C623F2 /* Build configuration list for PBXNativeTarget "275_testTests" */ = {
			isa = XCConfigurationList;
			buildConfigurations = (
				3489831A2368F6D400C623F2 /* Debug */,
				3489831B2368F6D400C623F2 /* Release */,
			);
			defaultConfigurationIsVisible = 0;
			defaultConfigurationName = Release;
		};
		3489831C2368F6D400C623F2 /* Build configuration list for PBXNativeTarget "275_testUITests" */ = {
			isa = XCConfigurationList;
			buildConfigurations = (
				3489831D2368F6D400C623F2 /* Debug */,
				3489831E2368F6D400C623F2 /* Release */,
			);
			defaultConfigurationIsVisible = 0;
			defaultConfigurationName = Release;
		};
/* End XCConfigurationList section */
	};
	rootObject = 348982E62368F6D200C623F2 /* Project object */;
}
