// !$*UTF8*$!
{
	archiveVersion = 1;
	classes = {
	};
	objectVersion = 51;
	objects = {

/* Begin PBXBuildFile section */
		348982F22368F6D200C623F2 /* AppDelegate.swift in Sources */ = {isa = PBXBuildFile; fileRef = 348982F12368F6D200C623F2 /* AppDelegate.swift */; };
		348982F42368F6D200C623F2 /* ViewController.swift in Sources */ = {isa = PBXBuildFile; fileRef = 348982F32368F6D200C623F2 /* ViewController.swift */; };
		348982F92368F6D400C623F2 /* Assets.xcassets in Resources */ = {isa = PBXBuildFile; fileRef = 348982F82368F6D400C623F2 /* Assets.xcassets */; };
		348982FC2368F6D400C623F2 /* LaunchScreen.storyboard in Resources */ = {isa = PBXBuildFile; fileRef = 348982FA2368F6D400C623F2 /* LaunchScreen.storyboard */; };
		348983072368F6D400C623F2 /* _75_testTests.swift in Sources */ = {isa = PBXBuildFile; fileRef = 348983062368F6D400C623F2 /* _75_testTests.swift */; };
		348983122368F6D400C623F2 /* _75_testUITests.swift in Sources */ = {isa = PBXBuildFile; fileRef = 348983112368F6D400C623F2 /* _75_testUITests.swift */; };
		34BB20AF236BB846001379EE /* Main.storyboard in Resources */ = {isa = PBXBuildFile; fileRef = 34BB20AE236BB846001379EE /* Main.storyboard */; };
		34BB20B3236BBAD3001379EE /* unnamed.jpg in Resources */ = {isa = PBXBuildFile; fileRef = 34BB20B2236BBAD3001379EE /* unnamed.jpg */; };
		34BB20B7236BC714001379EE /* UserSelectViewController.swift in Sources */ = {isa = PBXBuildFile; fileRef = 34BB20B6236BC714001379EE /* UserSelectViewController.swift */; };
		624D535EB32431FB968121D5 /* libPods-275_test.a in Frameworks */ = {isa = PBXBuildFile; fileRef = 608B681416C8879F7EC1DDC3 /* libPods-275_test.a */; };
		990530952370DCC70068FA22 /* MenuController.swift in Sources */ = {isa = PBXBuildFile; fileRef = 990530922370DCC60068FA22 /* MenuController.swift */; };
		990530962370DCC70068FA22 /* HomeController.swift in Sources */ = {isa = PBXBuildFile; fileRef = 990530932370DCC70068FA22 /* HomeController.swift */; };
		990530972370DCC70068FA22 /* ContainerController.swift in Sources */ = {isa = PBXBuildFile; fileRef = 990530942370DCC70068FA22 /* ContainerController.swift */; };
		990530992370DCD00068FA22 /* MenuOption.swift in Sources */ = {isa = PBXBuildFile; fileRef = 990530982370DCD00068FA22 /* MenuOption.swift */; };
		9905309B2370DCD70068FA22 /* Protocols.swift in Sources */ = {isa = PBXBuildFile; fileRef = 9905309A2370DCD70068FA22 /* Protocols.swift */; };
		9905309D2370DCDA0068FA22 /* MenuOptionCell.swift in Sources */ = {isa = PBXBuildFile; fileRef = 9905309C2370DCDA0068FA22 /* MenuOptionCell.swift */; };
		990530A12370DDBA0068FA22 /* MainMenu.storyboard in Resources */ = {isa = PBXBuildFile; fileRef = 9905309F2370DDBA0068FA22 /* MainMenu.storyboard */; };
		993139D1236BBF24008802A9 /* GoogleService-Info.plist in Resources */ = {isa = PBXBuildFile; fileRef = 993139D0236BBF24008802A9 /* GoogleService-Info.plist */; };
		9939D4F823750A3D00F1FB1F /* TremorViewController.swift in Sources */ = {isa = PBXBuildFile; fileRef = 9939D4F723750A3D00F1FB1F /* TremorViewController.swift */; };
		9939D4FD23750CE600F1FB1F /* Tremor.storyboard in Resources */ = {isa = PBXBuildFile; fileRef = 9939D4FC23750CE600F1FB1F /* Tremor.storyboard */; };
		9939D5002376671E00F1FB1F /* collect.swift in Sources */ = {isa = PBXBuildFile; fileRef = 9939D4FE2376671E00F1FB1F /* collect.swift */; };
		9939D5012376671E00F1FB1F /* fft.swift in Sources */ = {isa = PBXBuildFile; fileRef = 9939D4FF2376671E00F1FB1F /* fft.swift */; };
		99767345236FC49900C544C5 /* 275_test.xcworkspace in Resources */ = {isa = PBXBuildFile; fileRef = 99767344236FC49900C544C5 /* 275_test.xcworkspace */; };
		99D5E12223767930004DFE71 /* TremorOverViewController.swift in Sources */ = {isa = PBXBuildFile; fileRef = 99D5E12123767930004DFE71 /* TremorOverViewController.swift */; };
		A48E4EEA23701EE1008B4F96 /* background.jpg in Resources */ = {isa = PBXBuildFile; fileRef = A48E4EE923701EE1008B4F96 /* background.jpg */; };
		A48E4EEC237024B4008B4F96 /* frame.jpg in Resources */ = {isa = PBXBuildFile; fileRef = A48E4EEB237024B4008B4F96 /* frame.jpg */; };
		A48E4EEE23702B3B008B4F96 /* white.jpg in Resources */ = {isa = PBXBuildFile; fileRef = A48E4EED23702B3B008B4F96 /* white.jpg */; };
		A4E00E962370CDEE0070E1A4 /* Survey.storyboard in Resources */ = {isa = PBXBuildFile; fileRef = A4E00E952370CDEE0070E1A4 /* Survey.storyboard */; };
		A4E00E982370CEB20070E1A4 /* SurveyViewController.swift in Sources */ = {isa = PBXBuildFile; fileRef = A4E00E972370CEB20070E1A4 /* SurveyViewController.swift */; };
/* End PBXBuildFile section */

/* Begin PBXContainerItemProxy section */
		348983032368F6D400C623F2 /* PBXContainerItemProxy */ = {
			isa = PBXContainerItemProxy;
			containerPortal = 348982E62368F6D200C623F2 /* Project object */;
			proxyType = 1;
			remoteGlobalIDString = 348982ED2368F6D200C623F2;
			remoteInfo = 275_test;
		};
		3489830E2368F6D400C623F2 /* PBXContainerItemProxy */ = {
			isa = PBXContainerItemProxy;
			containerPortal = 348982E62368F6D200C623F2 /* Project object */;
			proxyType = 1;
			remoteGlobalIDString = 348982ED2368F6D200C623F2;
			remoteInfo = 275_test;
		};
/* End PBXContainerItemProxy section */

/* Begin PBXFileReference section */
		348982EE2368F6D200C623F2 /* 275_test.app */ = {isa = PBXFileReference; explicitFileType = wrapper.application; includeInIndex = 0; path = 275_test.app; sourceTree = BUILT_PRODUCTS_DIR; };
		348982F12368F6D200C623F2 /* AppDelegate.swift */ = {isa = PBXFileReference; lastKnownFileType = sourcecode.swift; path = AppDelegate.swift; sourceTree = "<group>"; };
		348982F32368F6D200C623F2 /* ViewController.swift */ = {isa = PBXFileReference; lastKnownFileType = sourcecode.swift; path = ViewController.swift; sourceTree = "<group>"; };
		348982F82368F6D400C623F2 /* Assets.xcassets */ = {isa = PBXFileReference; lastKnownFileType = folder.assetcatalog; path = Assets.xcassets; sourceTree = "<group>"; };
		348982FB2368F6D400C623F2 /* Base */ = {isa = PBXFileReference; lastKnownFileType = file.storyboard; name = Base; path = Base.lproj/LaunchScreen.storyboard; sourceTree = "<group>"; };
		348982FD2368F6D400C623F2 /* Info.plist */ = {isa = PBXFileReference; lastKnownFileType = text.plist.xml; path = Info.plist; sourceTree = "<group>"; };
		348983022368F6D400C623F2 /* 275_testTests.xctest */ = {isa = PBXFileReference; explicitFileType = wrapper.cfbundle; includeInIndex = 0; path = 275_testTests.xctest; sourceTree = BUILT_PRODUCTS_DIR; };
		348983062368F6D400C623F2 /* _75_testTests.swift */ = {isa = PBXFileReference; lastKnownFileType = sourcecode.swift; path = _75_testTests.swift; sourceTree = "<group>"; };
		348983082368F6D400C623F2 /* Info.plist */ = {isa = PBXFileReference; lastKnownFileType = text.plist.xml; path = Info.plist; sourceTree = "<group>"; };
		3489830D2368F6D400C623F2 /* 275_testUITests.xctest */ = {isa = PBXFileReference; explicitFileType = wrapper.cfbundle; includeInIndex = 0; path = 275_testUITests.xctest; sourceTree = BUILT_PRODUCTS_DIR; };
		348983112368F6D400C623F2 /* _75_testUITests.swift */ = {isa = PBXFileReference; lastKnownFileType = sourcecode.swift; path = _75_testUITests.swift; sourceTree = "<group>"; };
		348983132368F6D400C623F2 /* Info.plist */ = {isa = PBXFileReference; lastKnownFileType = text.plist.xml; path = Info.plist; sourceTree = "<group>"; };
		34BB20AE236BB846001379EE /* Main.storyboard */ = {isa = PBXFileReference; lastKnownFileType = file.storyboard; name = Main.storyboard; path = Base.lproj/Main.storyboard; sourceTree = "<group>"; };
		34BB20B2236BBAD3001379EE /* unnamed.jpg */ = {isa = PBXFileReference; lastKnownFileType = image.jpeg; path = unnamed.jpg; sourceTree = "<group>"; };
		34BB20B6236BC714001379EE /* UserSelectViewController.swift */ = {isa = PBXFileReference; lastKnownFileType = sourcecode.swift; path = UserSelectViewController.swift; sourceTree = "<group>"; };
		608B681416C8879F7EC1DDC3 /* libPods-275_test.a */ = {isa = PBXFileReference; explicitFileType = archive.ar; includeInIndex = 0; path = "libPods-275_test.a"; sourceTree = BUILT_PRODUCTS_DIR; };
		64865A35A0C9B1E450F56DFC /* Pods-275_test.debug.xcconfig */ = {isa = PBXFileReference; includeInIndex = 1; lastKnownFileType = text.xcconfig; name = "Pods-275_test.debug.xcconfig"; path = "Target Support Files/Pods-275_test/Pods-275_test.debug.xcconfig"; sourceTree = "<group>"; };
		990530922370DCC60068FA22 /* MenuController.swift */ = {isa = PBXFileReference; lastKnownFileType = sourcecode.swift; path = MenuController.swift; sourceTree = "<group>"; };
		990530932370DCC70068FA22 /* HomeController.swift */ = {isa = PBXFileReference; lastKnownFileType = sourcecode.swift; path = HomeController.swift; sourceTree = "<group>"; };
		990530942370DCC70068FA22 /* ContainerController.swift */ = {isa = PBXFileReference; lastKnownFileType = sourcecode.swift; path = ContainerController.swift; sourceTree = "<group>"; };
		990530982370DCD00068FA22 /* MenuOption.swift */ = {isa = PBXFileReference; lastKnownFileType = sourcecode.swift; path = MenuOption.swift; sourceTree = "<group>"; };
		9905309A2370DCD70068FA22 /* Protocols.swift */ = {isa = PBXFileReference; lastKnownFileType = sourcecode.swift; path = Protocols.swift; sourceTree = "<group>"; };
		9905309C2370DCDA0068FA22 /* MenuOptionCell.swift */ = {isa = PBXFileReference; lastKnownFileType = sourcecode.swift; path = MenuOptionCell.swift; sourceTree = "<group>"; };
		990530A02370DDBA0068FA22 /* Base */ = {isa = PBXFileReference; lastKnownFileType = file.storyboard; name = Base; path = Base.lproj/MainMenu.storyboard; sourceTree = "<group>"; };
		993139D0236BBF24008802A9 /* GoogleService-Info.plist */ = {isa = PBXFileReference; fileEncoding = 4; lastKnownFileType = text.plist.xml; path = "GoogleService-Info.plist"; sourceTree = "<group>"; };
		9934D225236BCD3D0036F20F /* unnamed.jpg */ = {isa = PBXFileReference; lastKnownFileType = image.jpeg; name = unnamed.jpg; path = ../../../Downloads/unnamed.jpg; sourceTree = "<group>"; };
		9939D4F723750A3D00F1FB1F /* TremorViewController.swift */ = {isa = PBXFileReference; lastKnownFileType = sourcecode.swift; path = TremorViewController.swift; sourceTree = "<group>"; };
		9939D4FC23750CE600F1FB1F /* Tremor.storyboard */ = {isa = PBXFileReference; fileEncoding = 4; lastKnownFileType = file.storyboard; path = Tremor.storyboard; sourceTree = "<group>"; };
		9939D4FE2376671E00F1FB1F /* collect.swift */ = {isa = PBXFileReference; fileEncoding = 4; lastKnownFileType = sourcecode.swift; path = collect.swift; sourceTree = "<group>"; };
		9939D4FF2376671E00F1FB1F /* fft.swift */ = {isa = PBXFileReference; fileEncoding = 4; lastKnownFileType = sourcecode.swift; path = fft.swift; sourceTree = "<group>"; };
		99767344236FC49900C544C5 /* 275_test.xcworkspace */ = {isa = PBXFileReference; lastKnownFileType = wrapper.workspace; path = 275_test.xcworkspace; sourceTree = SOURCE_ROOT; };
		99D5E12123767930004DFE71 /* TremorOverViewController.swift */ = {isa = PBXFileReference; lastKnownFileType = sourcecode.swift; path = TremorOverViewController.swift; sourceTree = "<group>"; };
		A48E4EE923701EE1008B4F96 /* background.jpg */ = {isa = PBXFileReference; lastKnownFileType = image.jpeg; path = background.jpg; sourceTree = "<group>"; };
		A48E4EEB237024B4008B4F96 /* frame.jpg */ = {isa = PBXFileReference; lastKnownFileType = image.jpeg; path = frame.jpg; sourceTree = "<group>"; };
		A48E4EED23702B3B008B4F96 /* white.jpg */ = {isa = PBXFileReference; lastKnownFileType = image.jpeg; path = white.jpg; sourceTree = "<group>"; };
		A4E00E942370CB800070E1A4 /* LaunchScreen.storyboard */ = {isa = PBXFileReference; lastKnownFileType = file.storyboard; path = LaunchScreen.storyboard; sourceTree = "<group>"; };
		A4E00E952370CDEE0070E1A4 /* Survey.storyboard */ = {isa = PBXFileReference; fileEncoding = 4; lastKnownFileType = file.storyboard; path = Survey.storyboard; sourceTree = "<group>"; };
		A4E00E972370CEB20070E1A4 /* SurveyViewController.swift */ = {isa = PBXFileReference; fileEncoding = 4; lastKnownFileType = sourcecode.swift; path = SurveyViewController.swift; sourceTree = "<group>"; };
		C8649A0543F3749D9A9311D6 /* Pods-275_test.release.xcconfig */ = {isa = PBXFileReference; includeInIndex = 1; lastKnownFileType = text.xcconfig; name = "Pods-275_test.release.xcconfig"; path = "Target Support Files/Pods-275_test/Pods-275_test.release.xcconfig"; sourceTree = "<group>"; };
/* End PBXFileReference section */

/* Begin PBXFrameworksBuildPhase section */
		348982EB2368F6D200C623F2 /* Frameworks */ = {
			isa = PBXFrameworksBuildPhase;
			buildActionMask = 2147483647;
			files = (
				624D535EB32431FB968121D5 /* libPods-275_test.a in Frameworks */,
			);
			runOnlyForDeploymentPostprocessing = 0;
		};
		348982FF2368F6D400C623F2 /* Frameworks */ = {
			isa = PBXFrameworksBuildPhase;
			buildActionMask = 2147483647;
			files = (
			);
			runOnlyForDeploymentPostprocessing = 0;
		};
		3489830A2368F6D400C623F2 /* Frameworks */ = {
			isa = PBXFrameworksBuildPhase;
			buildActionMask = 2147483647;
			files = (
			);
			runOnlyForDeploymentPostprocessing = 0;
		};
/* End PBXFrameworksBuildPhase section */

/* Begin PBXGroup section */
		348982E52368F6D200C623F2 = {
			isa = PBXGroup;
			children = (
				348982F02368F6D200C623F2 /* 275_test */,
				348983052368F6D400C623F2 /* 275_testTests */,
				348983102368F6D400C623F2 /* 275_testUITests */,
				348982EF2368F6D200C623F2 /* Products */,
				A48E4EED23702B3B008B4F96 /* white.jpg */,
				A48E4EEB237024B4008B4F96 /* frame.jpg */,
				A48E4EE923701EE1008B4F96 /* background.jpg */,
				34BB20B2236BBAD3001379EE /* unnamed.jpg */,
				EA894B148B64BEBB311C1605 /* Pods */,
				6B8728FA4FB590EBC464F22A /* Frameworks */,
			);
			sourceTree = "<group>";
		};
		348982EF2368F6D200C623F2 /* Products */ = {
			isa = PBXGroup;
			children = (
				348982EE2368F6D200C623F2 /* 275_test.app */,
				348983022368F6D400C623F2 /* 275_testTests.xctest */,
				3489830D2368F6D400C623F2 /* 275_testUITests.xctest */,
			);
			name = Products;
			sourceTree = "<group>";
		};
		348982F02368F6D200C623F2 /* 275_test */ = {
			isa = PBXGroup;
			children = (
				9905309C2370DCDA0068FA22 /* MenuOptionCell.swift */,
				9905309A2370DCD70068FA22 /* Protocols.swift */,
				990530982370DCD00068FA22 /* MenuOption.swift */,
				990530942370DCC70068FA22 /* ContainerController.swift */,
				990530932370DCC70068FA22 /* HomeController.swift */,
				990530922370DCC60068FA22 /* MenuController.swift */,
				A4E00E942370CB800070E1A4 /* LaunchScreen.storyboard */,
				99767344236FC49900C544C5 /* 275_test.xcworkspace */,
				348982F12368F6D200C623F2 /* AppDelegate.swift */,
				348982F32368F6D200C623F2 /* ViewController.swift */,
				34BB20B6236BC714001379EE /* UserSelectViewController.swift */,
				A4E00E972370CEB20070E1A4 /* SurveyViewController.swift */,
				34BB20AE236BB846001379EE /* Main.storyboard */,
				9939D4FC23750CE600F1FB1F /* Tremor.storyboard */,
				99D5E12123767930004DFE71 /* TremorOverViewController.swift */,
				9939D4F723750A3D00F1FB1F /* TremorViewController.swift */,
				9939D4FE2376671E00F1FB1F /* collect.swift */,
				9939D4FF2376671E00F1FB1F /* fft.swift */,
				9905309F2370DDBA0068FA22 /* MainMenu.storyboard */,
				A4E00E952370CDEE0070E1A4 /* Survey.storyboard */,
				348982F82368F6D400C623F2 /* Assets.xcassets */,
				348982FA2368F6D400C623F2 /* LaunchScreen.storyboard */,
				993139D0236BBF24008802A9 /* GoogleService-Info.plist */,
				348982FD2368F6D400C623F2 /* Info.plist */,
			);
			path = 275_test;
			sourceTree = "<group>";
		};
		348983052368F6D400C623F2 /* 275_testTests */ = {
			isa = PBXGroup;
			children = (
				348983062368F6D400C623F2 /* _75_testTests.swift */,
				348983082368F6D400C623F2 /* Info.plist */,
			);
			path = 275_testTests;
			sourceTree = "<group>";
		};
		348983102368F6D400C623F2 /* 275_testUITests */ = {
			isa = PBXGroup;
			children = (
				9934D225236BCD3D0036F20F /* unnamed.jpg */,
				348983112368F6D400C623F2 /* _75_testUITests.swift */,
				348983132368F6D400C623F2 /* Info.plist */,
			);
			path = 275_testUITests;
			sourceTree = "<group>";
		};
		6B8728FA4FB590EBC464F22A /* Frameworks */ = {
			isa = PBXGroup;
			children = (
				608B681416C8879F7EC1DDC3 /* libPods-275_test.a */,
			);
			name = Frameworks;
			sourceTree = "<group>";
		};
		EA894B148B64BEBB311C1605 /* Pods */ = {
			isa = PBXGroup;
			children = (
				64865A35A0C9B1E450F56DFC /* Pods-275_test.debug.xcconfig */,
				C8649A0543F3749D9A9311D6 /* Pods-275_test.release.xcconfig */,
			);
			path = Pods;
			sourceTree = "<group>";
		};
/* End PBXGroup section */

/* Begin PBXNativeTarget section */
		348982ED2368F6D200C623F2 /* 275_test */ = {
			isa = PBXNativeTarget;
			buildConfigurationList = 348983162368F6D400C623F2 /* Build configuration list for PBXNativeTarget "275_test" */;
			buildPhases = (
				26C69C0B88C5157CD75E0486 /* [CP] Check Pods Manifest.lock */,
				348982EA2368F6D200C623F2 /* Sources */,
				348982EB2368F6D200C623F2 /* Frameworks */,
				348982EC2368F6D200C623F2 /* Resources */,
				72A439307D13A6EED175FD3B /* [CP] Copy Pods Resources */,
			);
			buildRules = (
			);
			dependencies = (
			);
			name = 275_test;
			productName = 275_test;
			productReference = 348982EE2368F6D200C623F2 /* 275_test.app */;
			productType = "com.apple.product-type.application";
		};
		348983012368F6D400C623F2 /* 275_testTests */ = {
			isa = PBXNativeTarget;
			buildConfigurationList = 348983192368F6D400C623F2 /* Build configuration list for PBXNativeTarget "275_testTests" */;
			buildPhases = (
				348982FE2368F6D400C623F2 /* Sources */,
				348982FF2368F6D400C623F2 /* Frameworks */,
				348983002368F6D400C623F2 /* Resources */,
			);
			buildRules = (
			);
			dependencies = (
				348983042368F6D400C623F2 /* PBXTargetDependency */,
			);
			name = 275_testTests;
			productName = 275_testTests;
			productReference = 348983022368F6D400C623F2 /* 275_testTests.xctest */;
			productType = "com.apple.product-type.bundle.unit-test";
		};
		3489830C2368F6D400C623F2 /* 275_testUITests */ = {
			isa = PBXNativeTarget;
			buildConfigurationList = 3489831C2368F6D400C623F2 /* Build configuration list for PBXNativeTarget "275_testUITests" */;
			buildPhases = (
				348983092368F6D400C623F2 /* Sources */,
				3489830A2368F6D400C623F2 /* Frameworks */,
				3489830B2368F6D400C623F2 /* Resources */,
			);
			buildRules = (
			);
			dependencies = (
				3489830F2368F6D400C623F2 /* PBXTargetDependency */,
			);
			name = 275_testUITests;
			productName = 275_testUITests;
			productReference = 3489830D2368F6D400C623F2 /* 275_testUITests.xctest */;
			productType = "com.apple.product-type.bundle.ui-testing";
		};
/* End PBXNativeTarget section */

/* Begin PBXProject section */
		348982E62368F6D200C623F2 /* Project object */ = {
			isa = PBXProject;
			attributes = {
				LastSwiftUpdateCheck = 1010;
				LastUpgradeCheck = 1010;
				ORGANIZATIONNAME = "Sterling Smith";
				TargetAttributes = {
					348982ED2368F6D200C623F2 = {
						CreatedOnToolsVersion = 10.1;
					};
					348983012368F6D400C623F2 = {
						CreatedOnToolsVersion = 10.1;
						TestTargetID = 348982ED2368F6D200C623F2;
					};
					3489830C2368F6D400C623F2 = {
						CreatedOnToolsVersion = 10.1;
						TestTargetID = 348982ED2368F6D200C623F2;
					};
				};
			};
			buildConfigurationList = 348982E92368F6D200C623F2 /* Build configuration list for PBXProject "275_test" */;
			compatibilityVersion = "Xcode 9.3";
			developmentRegion = en;
			hasScannedForEncodings = 0;
			knownRegions = (
				en,
				Base,
			);
			mainGroup = 348982E52368F6D200C623F2;
			productRefGroup = 348982EF2368F6D200C623F2 /* Products */;
			projectDirPath = "";
			projectRoot = "";
			targets = (
				348982ED2368F6D200C623F2 /* 275_test */,
				348983012368F6D400C623F2 /* 275_testTests */,
				3489830C2368F6D400C623F2 /* 275_testUITests */,
			);
		};
/* End PBXProject section */

/* Begin PBXResourcesBuildPhase section */
		348982EC2368F6D200C623F2 /* Resources */ = {
			isa = PBXResourcesBuildPhase;
			buildActionMask = 2147483647;
			files = (
				348982FC2368F6D400C623F2 /* LaunchScreen.storyboard in Resources */,
				9939D4FD23750CE600F1FB1F /* Tremor.storyboard in Resources */,
				990530A12370DDBA0068FA22 /* MainMenu.storyboard in Resources */,
				993139D1236BBF24008802A9 /* GoogleService-Info.plist in Resources */,
				348982F92368F6D400C623F2 /* Assets.xcassets in Resources */,
				34BB20B3236BBAD3001379EE /* unnamed.jpg in Resources */,
				A48E4EEE23702B3B008B4F96 /* white.jpg in Resources */,
				A4E00E962370CDEE0070E1A4 /* Survey.storyboard in Resources */,
				A48E4EEC237024B4008B4F96 /* frame.jpg in Resources */,
				A48E4EEA23701EE1008B4F96 /* background.jpg in Resources */,
				34BB20AF236BB846001379EE /* Main.storyboard in Resources */,
				99767345236FC49900C544C5 /* 275_test.xcworkspace in Resources */,
			);
			runOnlyForDeploymentPostprocessing = 0;
		};
		348983002368F6D400C623F2 /* Resources */ = {
			isa = PBXResourcesBuildPhase;
			buildActionMask = 2147483647;
			files = (
			);
			runOnlyForDeploymentPostprocessing = 0;
		};
		3489830B2368F6D400C623F2 /* Resources */ = {
			isa = PBXResourcesBuildPhase;
			buildActionMask = 2147483647;
			files = (
			);
			runOnlyForDeploymentPostprocessing = 0;
		};
/* End PBXResourcesBuildPhase section */

/* Begin PBXShellScriptBuildPhase section */
		26C69C0B88C5157CD75E0486 /* [CP] Check Pods Manifest.lock */ = {
			isa = PBXShellScriptBuildPhase;
			buildActionMask = 2147483647;
			files = (
			);
			inputFileListPaths = (
			);
			inputPaths = (
				"${PODS_PODFILE_DIR_PATH}/Podfile.lock",
				"${PODS_ROOT}/Manifest.lock",
			);
			name = "[CP] Check Pods Manifest.lock";
			outputFileListPaths = (
			);
			outputPaths = (
				"$(DERIVED_FILE_DIR)/Pods-275_test-checkManifestLockResult.txt",
			);
			runOnlyForDeploymentPostprocessing = 0;
			shellPath = /bin/sh;
			shellScript = "diff \"${PODS_PODFILE_DIR_PATH}/Podfile.lock\" \"${PODS_ROOT}/Manifest.lock\" > /dev/null\nif [ $? != 0 ] ; then\n    # print error to STDERR\n    echo \"error: The sandbox is not in sync with the Podfile.lock. Run 'pod install' or update your CocoaPods installation.\" >&2\n    exit 1\nfi\n# This output is used by Xcode 'outputs' to avoid re-running this script phase.\necho \"SUCCESS\" > \"${SCRIPT_OUTPUT_FILE_0}\"\n";
			showEnvVarsInLog = 0;
		};
		72A439307D13A6EED175FD3B /* [CP] Copy Pods Resources */ = {
			isa = PBXShellScriptBuildPhase;
			buildActionMask = 2147483647;
			files = (
			);
			inputFileListPaths = (
				"${PODS_ROOT}/Target Support Files/Pods-275_test/Pods-275_test-resources-${CONFIGURATION}-input-files.xcfilelist",
			);
			name = "[CP] Copy Pods Resources";
			outputFileListPaths = (
				"${PODS_ROOT}/Target Support Files/Pods-275_test/Pods-275_test-resources-${CONFIGURATION}-output-files.xcfilelist",
			);
			runOnlyForDeploymentPostprocessing = 0;
			shellPath = /bin/sh;
			shellScript = "\"${PODS_ROOT}/Target Support Files/Pods-275_test/Pods-275_test-resources.sh\"\n";
			showEnvVarsInLog = 0;
		};
/* End PBXShellScriptBuildPhase section */

/* Begin PBXSourcesBuildPhase section */
		348982EA2368F6D200C623F2 /* Sources */ = {
			isa = PBXSourcesBuildPhase;
			buildActionMask = 2147483647;
			files = (
				990530952370DCC70068FA22 /* MenuController.swift in Sources */,
				9939D4F823750A3D00F1FB1F /* TremorViewController.swift in Sources */,
				9905309D2370DCDA0068FA22 /* MenuOptionCell.swift in Sources */,
				990530992370DCD00068FA22 /* MenuOption.swift in Sources */,
				9939D5012376671E00F1FB1F /* fft.swift in Sources */,
				99D5E12223767930004DFE71 /* TremorOverViewController.swift in Sources */,
				34BB20B7236BC714001379EE /* UserSelectViewController.swift in Sources */,
				9905309B2370DCD70068FA22 /* Protocols.swift in Sources */,
				9939D5002376671E00F1FB1F /* collect.swift in Sources */,
				990530962370DCC70068FA22 /* HomeController.swift in Sources */,
				348982F42368F6D200C623F2 /* ViewController.swift in Sources */,
				990530972370DCC70068FA22 /* ContainerController.swift in Sources */,
				A4E00E982370CEB20070E1A4 /* SurveyViewController.swift in Sources */,
				348982F22368F6D200C623F2 /* AppDelegate.swift in Sources */,
			);
			runOnlyForDeploymentPostprocessing = 0;
		};
		348982FE2368F6D400C623F2 /* Sources */ = {
			isa = PBXSourcesBuildPhase;
			buildActionMask = 2147483647;
			files = (
				348983072368F6D400C623F2 /* _75_testTests.swift in Sources */,
			);
			runOnlyForDeploymentPostprocessing = 0;
		};
		348983092368F6D400C623F2 /* Sources */ = {
			isa = PBXSourcesBuildPhase;
			buildActionMask = 2147483647;
			files = (
				348983122368F6D400C623F2 /* _75_testUITests.swift in Sources */,
			);
			runOnlyForDeploymentPostprocessing = 0;
		};
/* End PBXSourcesBuildPhase section */

/* Begin PBXTargetDependency section */
		348983042368F6D400C623F2 /* PBXTargetDependency */ = {
			isa = PBXTargetDependency;
			target = 348982ED2368F6D200C623F2 /* 275_test */;
			targetProxy = 348983032368F6D400C623F2 /* PBXContainerItemProxy */;
		};
		3489830F2368F6D400C623F2 /* PBXTargetDependency */ = {
			isa = PBXTargetDependency;
			target = 348982ED2368F6D200C623F2 /* 275_test */;
			targetProxy = 3489830E2368F6D400C623F2 /* PBXContainerItemProxy */;
		};
/* End PBXTargetDependency section */

/* Begin PBXVariantGroup section */
		348982FA2368F6D400C623F2 /* LaunchScreen.storyboard */ = {
			isa = PBXVariantGroup;
			children = (
				348982FB2368F6D400C623F2 /* Base */,
			);
			name = LaunchScreen.storyboard;
			sourceTree = "<group>";
		};
		9905309F2370DDBA0068FA22 /* MainMenu.storyboard */ = {
			isa = PBXVariantGroup;
			children = (
				990530A02370DDBA0068FA22 /* Base */,
			);
			name = MainMenu.storyboard;
			sourceTree = "<group>";
		};
/* End PBXVariantGroup section */

/* Begin XCBuildConfiguration section */
		348983142368F6D400C623F2 /* Debug */ = {
			isa = XCBuildConfiguration;
			buildSettings = {
				ALWAYS_SEARCH_USER_PATHS = NO;
				CLANG_ANALYZER_NONNULL = YES;
				CLANG_ANALYZER_NUMBER_OBJECT_CONVERSION = YES_AGGRESSIVE;
				CLANG_CXX_LANGUAGE_STANDARD = "gnu++14";
				CLANG_CXX_LIBRARY = "libc++";
				CLANG_ENABLE_MODULES = YES;
				CLANG_ENABLE_OBJC_ARC = YES;
				CLANG_ENABLE_OBJC_WEAK = YES;
				CLANG_WARN_BLOCK_CAPTURE_AUTORELEASING = YES;
				CLANG_WARN_BOOL_CONVERSION = YES;
				CLANG_WARN_COMMA = YES;
				CLANG_WARN_CONSTANT_CONVERSION = YES;
				CLANG_WARN_DEPRECATED_OBJC_IMPLEMENTATIONS = YES;
				CLANG_WARN_DIRECT_OBJC_ISA_USAGE = YES_ERROR;
				CLANG_WARN_DOCUMENTATION_COMMENTS = YES;
				CLANG_WARN_EMPTY_BODY = YES;
				CLANG_WARN_ENUM_CONVERSION = YES;
				CLANG_WARN_INFINITE_RECURSION = YES;
				CLANG_WARN_INT_CONVERSION = YES;
				CLANG_WARN_NON_LITERAL_NULL_CONVERSION = YES;
				CLANG_WARN_OBJC_IMPLICIT_RETAIN_SELF = YES;
				CLANG_WARN_OBJC_LITERAL_CONVERSION = YES;
				CLANG_WARN_OBJC_ROOT_CLASS = YES_ERROR;
				CLANG_WARN_RANGE_LOOP_ANALYSIS = YES;
				CLANG_WARN_STRICT_PROTOTYPES = YES;
				CLANG_WARN_SUSPICIOUS_MOVE = YES;
				CLANG_WARN_UNGUARDED_AVAILABILITY = YES_AGGRESSIVE;
				CLANG_WARN_UNREACHABLE_CODE = YES;
				CLANG_WARN__DUPLICATE_METHOD_MATCH = YES;
				CODE_SIGN_IDENTITY = "iPhone Developer";
				COPY_PHASE_STRIP = NO;
				DEBUG_INFORMATION_FORMAT = dwarf;
				ENABLE_STRICT_OBJC_MSGSEND = YES;
				ENABLE_TESTABILITY = YES;
				GCC_C_LANGUAGE_STANDARD = gnu11;
				GCC_DYNAMIC_NO_PIC = NO;
				GCC_NO_COMMON_BLOCKS = YES;
				GCC_OPTIMIZATION_LEVEL = 0;
				GCC_PREPROCESSOR_DEFINITIONS = (
					"DEBUG=1",
					"$(inherited)",
				);
				GCC_WARN_64_TO_32_BIT_CONVERSION = YES;
				GCC_WARN_ABOUT_RETURN_TYPE = YES_ERROR;
				GCC_WARN_UNDECLARED_SELECTOR = YES;
				GCC_WARN_UNINITIALIZED_AUTOS = YES_AGGRESSIVE;
				GCC_WARN_UNUSED_FUNCTION = YES;
				GCC_WARN_UNUSED_VARIABLE = YES;
				IPHONEOS_DEPLOYMENT_TARGET = 12.1;
				MTL_ENABLE_DEBUG_INFO = INCLUDE_SOURCE;
				MTL_FAST_MATH = YES;
				ONLY_ACTIVE_ARCH = YES;
				SDKROOT = iphoneos;
				SWIFT_ACTIVE_COMPILATION_CONDITIONS = DEBUG;
				SWIFT_OPTIMIZATION_LEVEL = "-Onone";
			};
			name = Debug;
		};
		348983152368F6D400C623F2 /* Release */ = {
			isa = XCBuildConfiguration;
			buildSettings = {
				ALWAYS_SEARCH_USER_PATHS = NO;
				CLANG_ANALYZER_NONNULL = YES;
				CLANG_ANALYZER_NUMBER_OBJECT_CONVERSION = YES_AGGRESSIVE;
				CLANG_CXX_LANGUAGE_STANDARD = "gnu++14";
				CLANG_CXX_LIBRARY = "libc++";
				CLANG_ENABLE_MODULES = YES;
				CLANG_ENABLE_OBJC_ARC = YES;
				CLANG_ENABLE_OBJC_WEAK = YES;
				CLANG_WARN_BLOCK_CAPTURE_AUTORELEASING = YES;
				CLANG_WARN_BOOL_CONVERSION = YES;
				CLANG_WARN_COMMA = YES;
				CLANG_WARN_CONSTANT_CONVERSION = YES;
				CLANG_WARN_DEPRECATED_OBJC_IMPLEMENTATIONS = YES;
				CLANG_WARN_DIRECT_OBJC_ISA_USAGE = YES_ERROR;
				CLANG_WARN_DOCUMENTATION_COMMENTS = YES;
				CLANG_WARN_EMPTY_BODY = YES;
				CLANG_WARN_ENUM_CONVERSION = YES;
				CLANG_WARN_INFINITE_RECURSION = YES;
				CLANG_WARN_INT_CONVERSION = YES;
				CLANG_WARN_NON_LITERAL_NULL_CONVERSION = YES;
				CLANG_WARN_OBJC_IMPLICIT_RETAIN_SELF = YES;
				CLANG_WARN_OBJC_LITERAL_CONVERSION = YES;
				CLANG_WARN_OBJC_ROOT_CLASS = YES_ERROR;
				CLANG_WARN_RANGE_LOOP_ANALYSIS = YES;
				CLANG_WARN_STRICT_PROTOTYPES = YES;
				CLANG_WARN_SUSPICIOUS_MOVE = YES;
				CLANG_WARN_UNGUARDED_AVAILABILITY = YES_AGGRESSIVE;
				CLANG_WARN_UNREACHABLE_CODE = YES;
				CLANG_WARN__DUPLICATE_METHOD_MATCH = YES;
				CODE_SIGN_IDENTITY = "iPhone Developer";
				COPY_PHASE_STRIP = NO;
				DEBUG_INFORMATION_FORMAT = "dwarf-with-dsym";
				ENABLE_NS_ASSERTIONS = NO;
				ENABLE_STRICT_OBJC_MSGSEND = YES;
				GCC_C_LANGUAGE_STANDARD = gnu11;
				GCC_NO_COMMON_BLOCKS = YES;
				GCC_WARN_64_TO_32_BIT_CONVERSION = YES;
				GCC_WARN_ABOUT_RETURN_TYPE = YES_ERROR;
				GCC_WARN_UNDECLARED_SELECTOR = YES;
				GCC_WARN_UNINITIALIZED_AUTOS = YES_AGGRESSIVE;
				GCC_WARN_UNUSED_FUNCTION = YES;
				GCC_WARN_UNUSED_VARIABLE = YES;
				IPHONEOS_DEPLOYMENT_TARGET = 12.1;
				MTL_ENABLE_DEBUG_INFO = NO;
				MTL_FAST_MATH = YES;
				SDKROOT = iphoneos;
				SWIFT_COMPILATION_MODE = wholemodule;
				SWIFT_OPTIMIZATION_LEVEL = "-O";
				VALIDATE_PRODUCT = YES;
			};
			name = Release;
		};
		348983172368F6D400C623F2 /* Debug */ = {
			isa = XCBuildConfiguration;
			baseConfigurationReference = 64865A35A0C9B1E450F56DFC /* Pods-275_test.debug.xcconfig */;
			buildSettings = {
				ASSETCATALOG_COMPILER_APPICON_NAME = AppIcon;
				CODE_SIGN_STYLE = Automatic;
				DEVELOPMENT_TEAM = 245TDDYFNZ;
				INFOPLIST_FILE = 275_test/Info.plist;
				IPHONEOS_DEPLOYMENT_TARGET = 12.1;
				LD_RUNPATH_SEARCH_PATHS = (
					"$(inherited)",
					"@executable_path/Frameworks",
				);
				PRODUCT_BUNDLE_IDENTIFIER = com.group4.parkinhelp;
				PRODUCT_NAME = "$(TARGET_NAME)";
				SWIFT_VERSION = 4.2;
				TARGETED_DEVICE_FAMILY = "1,2";
			};
			name = Debug;
		};
		348983182368F6D400C623F2 /* Release */ = {
			isa = XCBuildConfiguration;
			baseConfigurationReference = C8649A0543F3749D9A9311D6 /* Pods-275_test.release.xcconfig */;
			buildSettings = {
				ASSETCATALOG_COMPILER_APPICON_NAME = AppIcon;
				CODE_SIGN_STYLE = Automatic;
				DEVELOPMENT_TEAM = 245TDDYFNZ;
				INFOPLIST_FILE = 275_test/Info.plist;
				IPHONEOS_DEPLOYMENT_TARGET = 12.1;
				LD_RUNPATH_SEARCH_PATHS = (
					"$(inherited)",
					"@executable_path/Frameworks",
				);
				PRODUCT_BUNDLE_IDENTIFIER = com.group4.parkinhelp;
				PRODUCT_NAME = "$(TARGET_NAME)";
				SWIFT_VERSION = 4.2;
				TARGETED_DEVICE_FAMILY = "1,2";
			};
			name = Release;
		};
		3489831A2368F6D400C623F2 /* Debug */ = {
			isa = XCBuildConfiguration;
			buildSettings = {
				ALWAYS_EMBED_SWIFT_STANDARD_LIBRARIES = YES;
				BUNDLE_LOADER = "$(TEST_HOST)";
				CODE_SIGN_STYLE = Automatic;
				HEADER_SEARCH_PATHS = "\"${PODS_ROOT}/Firebase/CoreOnly/Sources\"";
				INFOPLIST_FILE = 275_testTests/Info.plist;
				LD_RUNPATH_SEARCH_PATHS = (
					"$(inherited)",
					"@executable_path/Frameworks",
					"@loader_path/Frameworks",
				);
				PRODUCT_BUNDLE_IDENTIFIER = "CMPT-275.-75-testTests";
				PRODUCT_NAME = "$(TARGET_NAME)";
				SWIFT_VERSION = 4.2;
				TARGETED_DEVICE_FAMILY = "1,2";
				TEST_HOST = "$(BUILT_PRODUCTS_DIR)/275_test.app/275_test";
			};
			name = Debug;
		};
		3489831B2368F6D400C623F2 /* Release */ = {
			isa = XCBuildConfiguration;
			buildSettings = {
				ALWAYS_EMBED_SWIFT_STANDARD_LIBRARIES = YES;
				BUNDLE_LOADER = "$(TEST_HOST)";
				CODE_SIGN_STYLE = Automatic;
				HEADER_SEARCH_PATHS = "\"${PODS_ROOT}/Firebase/CoreOnly/Sources\"";
				INFOPLIST_FILE = 275_testTests/Info.plist;
				LD_RUNPATH_SEARCH_PATHS = (
					"$(inherited)",
					"@executable_path/Frameworks",
					"@loader_path/Frameworks",
				);
				PRODUCT_BUNDLE_IDENTIFIER = "CMPT-275.-75-testTests";
				PRODUCT_NAME = "$(TARGET_NAME)";
				SWIFT_VERSION = 4.2;
				TARGETED_DEVICE_FAMILY = "1,2";
				TEST_HOST = "$(BUILT_PRODUCTS_DIR)/275_test.app/275_test";
			};
			name = Release;
		};
		3489831D2368F6D400C623F2 /* Debug */ = {
			isa = XCBuildConfiguration;
			buildSettings = {
				ALWAYS_EMBED_SWIFT_STANDARD_LIBRARIES = YES;
				CODE_SIGN_STYLE = Automatic;
				INFOPLIST_FILE = 275_testUITests/Info.plist;
				LD_RUNPATH_SEARCH_PATHS = (
					"$(inherited)",
					"@executable_path/Frameworks",
					"@loader_path/Frameworks",
				);
				PRODUCT_BUNDLE_IDENTIFIER = "CMPT-275.-75-testUITests";
				PRODUCT_NAME = "$(TARGET_NAME)";
				SWIFT_VERSION = 4.2;
				TARGETED_DEVICE_FAMILY = "1,2";
				TEST_TARGET_NAME = 275_test;
			};
			name = Debug;
		};
		3489831E2368F6D400C623F2 /* Release */ = {
			isa = XCBuildConfiguration;
			buildSettings = {
				ALWAYS_EMBED_SWIFT_STANDARD_LIBRARIES = YES;
				CODE_SIGN_STYLE = Automatic;
				INFOPLIST_FILE = 275_testUITests/Info.plist;
				LD_RUNPATH_SEARCH_PATHS = (
					"$(inherited)",
					"@executable_path/Frameworks",
					"@loader_path/Frameworks",
				);
				PRODUCT_BUNDLE_IDENTIFIER = "CMPT-275.-75-testUITests";
				PRODUCT_NAME = "$(TARGET_NAME)";
				SWIFT_VERSION = 4.2;
				TARGETED_DEVICE_FAMILY = "1,2";
				TEST_TARGET_NAME = 275_test;
			};
			name = Release;
		};
/* End XCBuildConfiguration section */

/* Begin XCConfigurationList section */
		348982E92368F6D200C623F2 /* Build configuration list for PBXProject "275_test" */ = {
			isa = XCConfigurationList;
			buildConfigurations = (
				348983142368F6D400C623F2 /* Debug */,
				348983152368F6D400C623F2 /* Release */,
			);
			defaultConfigurationIsVisible = 0;
			defaultConfigurationName = Release;
		};
		348983162368F6D400C623F2 /* Build configuration list for PBXNativeTarget "275_test" */ = {
			isa = XCConfigurationList;
			buildConfigurations = (
				348983172368F6D400C623F2 /* Debug */,
				348983182368F6D400C623F2 /* Release */,
			);
			defaultConfigurationIsVisible = 0;
			defaultConfigurationName = Release;
		};
		348983192368F6D400C623F2 /* Build configuration list for PBXNativeTarget "275_testTests" */ = {
			isa = XCConfigurationList;
			buildConfigurations = (
				3489831A2368F6D400C623F2 /* Debug */,
				3489831B2368F6D400C623F2 /* Release */,
			);
			defaultConfigurationIsVisible = 0;
			defaultConfigurationName = Release;
		};
		3489831C2368F6D400C623F2 /* Build configuration list for PBXNativeTarget "275_testUITests" */ = {
			isa = XCConfigurationList;
			buildConfigurations = (
				3489831D2368F6D400C623F2 /* Debug */,
				3489831E2368F6D400C623F2 /* Release */,
			);
			defaultConfigurationIsVisible = 0;
			defaultConfigurationName = Release;
		};
/* End XCConfigurationList section */
	};
	rootObject = 348982E62368F6D200C623F2 /* Project object */;
}
